// !$*UTF8*$!
{
	archiveVersion = 1;
	classes = {
	};
	objectVersion = 50;
	objects = {

/* Begin PBXBuildFile section */
		931B93D62163F5520034D8FA /* AppDelegate.m in Sources */ = {isa = PBXBuildFile; fileRef = 931B93D52163F5520034D8FA /* AppDelegate.m */; };
		931B93D92163F5520034D8FA /* ViewController.m in Sources */ = {isa = PBXBuildFile; fileRef = 931B93D82163F5520034D8FA /* ViewController.m */; };
		931B93DC2163F5520034D8FA /* Main.storyboard in Resources */ = {isa = PBXBuildFile; fileRef = 931B93DA2163F5520034D8FA /* Main.storyboard */; };
		931B93DE2163F5530034D8FA /* Assets.xcassets in Resources */ = {isa = PBXBuildFile; fileRef = 931B93DD2163F5530034D8FA /* Assets.xcassets */; };
		931B93E12163F5530034D8FA /* LaunchScreen.storyboard in Resources */ = {isa = PBXBuildFile; fileRef = 931B93DF2163F5530034D8FA /* LaunchScreen.storyboard */; };
		931B93E42163F5530034D8FA /* main.m in Sources */ = {isa = PBXBuildFile; fileRef = 931B93E32163F5530034D8FA /* main.m */; };
		931B93EE2163F5540034D8FA /* OBANetworkingTests.m in Sources */ = {isa = PBXBuildFile; fileRef = 931B93ED2163F5540034D8FA /* OBANetworkingTests.m */; };
/* End PBXBuildFile section */

/* Begin PBXContainerItemProxy section */
		931B93EA2163F5540034D8FA /* PBXContainerItemProxy */ = {
			isa = PBXContainerItemProxy;
			containerPortal = 931B93C92163F5520034D8FA /* Project object */;
			proxyType = 1;
			remoteGlobalIDString = 931B93D02163F5520034D8FA;
			remoteInfo = OBANetworking;
		};
/* End PBXContainerItemProxy section */

/* Begin PBXFileReference section */
		931B93D12163F5520034D8FA /* OBANetworking.app */ = {isa = PBXFileReference; explicitFileType = wrapper.application; includeInIndex = 0; path = OBANetworking.app; sourceTree = BUILT_PRODUCTS_DIR; };
		931B93D42163F5520034D8FA /* AppDelegate.h */ = {isa = PBXFileReference; lastKnownFileType = sourcecode.c.h; path = AppDelegate.h; sourceTree = "<group>"; };
		931B93D52163F5520034D8FA /* AppDelegate.m */ = {isa = PBXFileReference; lastKnownFileType = sourcecode.c.objc; path = AppDelegate.m; sourceTree = "<group>"; };
		931B93D72163F5520034D8FA /* ViewController.h */ = {isa = PBXFileReference; lastKnownFileType = sourcecode.c.h; path = ViewController.h; sourceTree = "<group>"; };
		931B93D82163F5520034D8FA /* ViewController.m */ = {isa = PBXFileReference; lastKnownFileType = sourcecode.c.objc; path = ViewController.m; sourceTree = "<group>"; };
		931B93DB2163F5520034D8FA /* Base */ = {isa = PBXFileReference; lastKnownFileType = file.storyboard; name = Base; path = Base.lproj/Main.storyboard; sourceTree = "<group>"; };
		931B93DD2163F5530034D8FA /* Assets.xcassets */ = {isa = PBXFileReference; lastKnownFileType = folder.assetcatalog; path = Assets.xcassets; sourceTree = "<group>"; };
		931B93E02163F5530034D8FA /* Base */ = {isa = PBXFileReference; lastKnownFileType = file.storyboard; name = Base; path = Base.lproj/LaunchScreen.storyboard; sourceTree = "<group>"; };
		931B93E22163F5530034D8FA /* Info.plist */ = {isa = PBXFileReference; lastKnownFileType = text.plist.xml; path = Info.plist; sourceTree = "<group>"; };
		931B93E32163F5530034D8FA /* main.m */ = {isa = PBXFileReference; lastKnownFileType = sourcecode.c.objc; path = main.m; sourceTree = "<group>"; };
		931B93E92163F5540034D8FA /* OBANetworkingTests.xctest */ = {isa = PBXFileReference; explicitFileType = wrapper.cfbundle; includeInIndex = 0; path = OBANetworkingTests.xctest; sourceTree = BUILT_PRODUCTS_DIR; };
		931B93ED2163F5540034D8FA /* OBANetworkingTests.m */ = {isa = PBXFileReference; lastKnownFileType = sourcecode.c.objc; path = OBANetworkingTests.m; sourceTree = "<group>"; };
		931B93EF2163F5540034D8FA /* Info.plist */ = {isa = PBXFileReference; lastKnownFileType = text.plist.xml; path = Info.plist; sourceTree = "<group>"; };
/* End PBXFileReference section */

/* Begin PBXFrameworksBuildPhase section */
		931B93CE2163F5520034D8FA /* Frameworks */ = {
			isa = PBXFrameworksBuildPhase;
			buildActionMask = 2147483647;
			files = (
			);
			runOnlyForDeploymentPostprocessing = 0;
		};
		931B93E62163F5540034D8FA /* Frameworks */ = {
			isa = PBXFrameworksBuildPhase;
			buildActionMask = 2147483647;
			files = (
			);
			runOnlyForDeploymentPostprocessing = 0;
		};
/* End PBXFrameworksBuildPhase section */

/* Begin PBXGroup section */
		931B93C82163F5520034D8FA = {
			isa = PBXGroup;
			children = (
				931B93D32163F5520034D8FA /* OBANetworking */,
				931B93EC2163F5540034D8FA /* OBANetworkingTests */,
				931B93D22163F5520034D8FA /* Products */,
			);
			sourceTree = "<group>";
		};
		931B93D22163F5520034D8FA /* Products */ = {
			isa = PBXGroup;
			children = (
				931B93D12163F5520034D8FA /* OBANetworking.app */,
				931B93E92163F5540034D8FA /* OBANetworkingTests.xctest */,
			);
			name = Products;
			sourceTree = "<group>";
		};
		931B93D32163F5520034D8FA /* OBANetworking */ = {
			isa = PBXGroup;
			children = (
				931B93D42163F5520034D8FA /* AppDelegate.h */,
				931B93D52163F5520034D8FA /* AppDelegate.m */,
				931B93D72163F5520034D8FA /* ViewController.h */,
				931B93D82163F5520034D8FA /* ViewController.m */,
				931B93DA2163F5520034D8FA /* Main.storyboard */,
				931B93DD2163F5530034D8FA /* Assets.xcassets */,
				931B93DF2163F5530034D8FA /* LaunchScreen.storyboard */,
				931B93E22163F5530034D8FA /* Info.plist */,
				931B93E32163F5530034D8FA /* main.m */,
			);
			path = OBANetworking;
			sourceTree = "<group>";
		};
		931B93EC2163F5540034D8FA /* OBANetworkingTests */ = {
			isa = PBXGroup;
			children = (
				931B93ED2163F5540034D8FA /* OBANetworkingTests.m */,
				931B93EF2163F5540034D8FA /* Info.plist */,
			);
			path = OBANetworkingTests;
			sourceTree = "<group>";
		};
/* End PBXGroup section */

/* Begin PBXNativeTarget section */
		931B93D02163F5520034D8FA /* OBANetworking */ = {
			isa = PBXNativeTarget;
			buildConfigurationList = 931B93F22163F5540034D8FA /* Build configuration list for PBXNativeTarget "OBANetworking" */;
			buildPhases = (
				931B93CD2163F5520034D8FA /* Sources */,
				931B93CE2163F5520034D8FA /* Frameworks */,
				931B93CF2163F5520034D8FA /* Resources */,
			);
			buildRules = (
			);
			dependencies = (
			);
			name = OBANetworking;
			productName = OBANetworking;
			productReference = 931B93D12163F5520034D8FA /* OBANetworking.app */;
			productType = "com.apple.product-type.application";
		};
		931B93E82163F5540034D8FA /* OBANetworkingTests */ = {
			isa = PBXNativeTarget;
			buildConfigurationList = 931B93F52163F5540034D8FA /* Build configuration list for PBXNativeTarget "OBANetworkingTests" */;
			buildPhases = (
				931B93E52163F5540034D8FA /* Sources */,
				931B93E62163F5540034D8FA /* Frameworks */,
				931B93E72163F5540034D8FA /* Resources */,
			);
			buildRules = (
			);
			dependencies = (
				931B93EB2163F5540034D8FA /* PBXTargetDependency */,
			);
			name = OBANetworkingTests;
			productName = OBANetworkingTests;
			productReference = 931B93E92163F5540034D8FA /* OBANetworkingTests.xctest */;
			productType = "com.apple.product-type.bundle.unit-test";
		};
/* End PBXNativeTarget section */

/* Begin PBXProject section */
		931B93C92163F5520034D8FA /* Project object */ = {
			isa = PBXProject;
			attributes = {
				LastUpgradeCheck = 1000;
				ORGANIZATIONNAME = OneBusAway;
				TargetAttributes = {
					931B93D02163F5520034D8FA = {
						CreatedOnToolsVersion = 10.0;
					};
					931B93E82163F5540034D8FA = {
						CreatedOnToolsVersion = 10.0;
						TestTargetID = 931B93D02163F5520034D8FA;
					};
				};
			};
			buildConfigurationList = 931B93CC2163F5520034D8FA /* Build configuration list for PBXProject "OBANetworking" */;
			compatibilityVersion = "Xcode 9.3";
			developmentRegion = en;
			hasScannedForEncodings = 0;
			knownRegions = (
				en,
				Base,
			);
			mainGroup = 931B93C82163F5520034D8FA;
			productRefGroup = 931B93D22163F5520034D8FA /* Products */;
			projectDirPath = "";
			projectRoot = "";
			targets = (
				931B93D02163F5520034D8FA /* OBANetworking */,
				931B93E82163F5540034D8FA /* OBANetworkingTests */,
			);
		};
/* End PBXProject section */

/* Begin PBXResourcesBuildPhase section */
		931B93CF2163F5520034D8FA /* Resources */ = {
			isa = PBXResourcesBuildPhase;
			buildActionMask = 2147483647;
			files = (
				931B93E12163F5530034D8FA /* LaunchScreen.storyboard in Resources */,
				931B93DE2163F5530034D8FA /* Assets.xcassets in Resources */,
				931B93DC2163F5520034D8FA /* Main.storyboard in Resources */,
			);
			runOnlyForDeploymentPostprocessing = 0;
		};
		931B93E72163F5540034D8FA /* Resources */ = {
			isa = PBXResourcesBuildPhase;
			buildActionMask = 2147483647;
			files = (
			);
			runOnlyForDeploymentPostprocessing = 0;
		};
/* End PBXResourcesBuildPhase section */

/* Begin PBXSourcesBuildPhase section */
		931B93CD2163F5520034D8FA /* Sources */ = {
			isa = PBXSourcesBuildPhase;
			buildActionMask = 2147483647;
			files = (
				931B93D92163F5520034D8FA /* ViewController.m in Sources */,
				931B93E42163F5530034D8FA /* main.m in Sources */,
				931B93D62163F5520034D8FA /* AppDelegate.m in Sources */,
			);
			runOnlyForDeploymentPostprocessing = 0;
		};
		931B93E52163F5540034D8FA /* Sources */ = {
			isa = PBXSourcesBuildPhase;
			buildActionMask = 2147483647;
			files = (
				931B93EE2163F5540034D8FA /* OBANetworkingTests.m in Sources */,
			);
			runOnlyForDeploymentPostprocessing = 0;
		};
/* End PBXSourcesBuildPhase section */

/* Begin PBXTargetDependency section */
		931B93EB2163F5540034D8FA /* PBXTargetDependency */ = {
			isa = PBXTargetDependency;
			target = 931B93D02163F5520034D8FA /* OBANetworking */;
			targetProxy = 931B93EA2163F5540034D8FA /* PBXContainerItemProxy */;
		};
/* End PBXTargetDependency section */

/* Begin PBXVariantGroup section */
		931B93DA2163F5520034D8FA /* Main.storyboard */ = {
			isa = PBXVariantGroup;
			children = (
				931B93DB2163F5520034D8FA /* Base */,
			);
			name = Main.storyboard;
			sourceTree = "<group>";
		};
		931B93DF2163F5530034D8FA /* LaunchScreen.storyboard */ = {
			isa = PBXVariantGroup;
			children = (
				931B93E02163F5530034D8FA /* Base */,
			);
			name = LaunchScreen.storyboard;
			sourceTree = "<group>";
		};
/* End PBXVariantGroup section */

/* Begin XCBuildConfiguration section */
		931B93F02163F5540034D8FA /* Debug */ = {
			isa = XCBuildConfiguration;
			buildSettings = {
				ALWAYS_SEARCH_USER_PATHS = NO;
				CLANG_ANALYZER_NONNULL = YES;
				CLANG_ANALYZER_NUMBER_OBJECT_CONVERSION = YES_AGGRESSIVE;
				CLANG_CXX_LANGUAGE_STANDARD = "gnu++14";
				CLANG_CXX_LIBRARY = "libc++";
				CLANG_ENABLE_MODULES = YES;
				CLANG_ENABLE_OBJC_ARC = YES;
				CLANG_ENABLE_OBJC_WEAK = YES;
				CLANG_WARN_BLOCK_CAPTURE_AUTORELEASING = YES;
				CLANG_WARN_BOOL_CONVERSION = YES;
				CLANG_WARN_COMMA = YES;
				CLANG_WARN_CONSTANT_CONVERSION = YES;
				CLANG_WARN_DEPRECATED_OBJC_IMPLEMENTATIONS = YES;
				CLANG_WARN_DIRECT_OBJC_ISA_USAGE = YES_ERROR;
				CLANG_WARN_DOCUMENTATION_COMMENTS = YES;
				CLANG_WARN_EMPTY_BODY = YES;
				CLANG_WARN_ENUM_CONVERSION = YES;
				CLANG_WARN_INFINITE_RECURSION = YES;
				CLANG_WARN_INT_CONVERSION = YES;
				CLANG_WARN_NON_LITERAL_NULL_CONVERSION = YES;
				CLANG_WARN_OBJC_IMPLICIT_RETAIN_SELF = YES;
				CLANG_WARN_OBJC_LITERAL_CONVERSION = YES;
				CLANG_WARN_OBJC_ROOT_CLASS = YES_ERROR;
				CLANG_WARN_RANGE_LOOP_ANALYSIS = YES;
				CLANG_WARN_STRICT_PROTOTYPES = YES;
				CLANG_WARN_SUSPICIOUS_MOVE = YES;
				CLANG_WARN_UNGUARDED_AVAILABILITY = YES_AGGRESSIVE;
				CLANG_WARN_UNREACHABLE_CODE = YES;
				CLANG_WARN__DUPLICATE_METHOD_MATCH = YES;
				CODE_SIGN_IDENTITY = "iPhone Developer";
				COPY_PHASE_STRIP = NO;
				DEBUG_INFORMATION_FORMAT = dwarf;
				ENABLE_STRICT_OBJC_MSGSEND = YES;
				ENABLE_TESTABILITY = YES;
				GCC_C_LANGUAGE_STANDARD = gnu11;
				GCC_DYNAMIC_NO_PIC = NO;
				GCC_NO_COMMON_BLOCKS = YES;
				GCC_OPTIMIZATION_LEVEL = 0;
				GCC_PREPROCESSOR_DEFINITIONS = (
					"DEBUG=1",
					"$(inherited)",
				);
				GCC_WARN_64_TO_32_BIT_CONVERSION = YES;
				GCC_WARN_ABOUT_RETURN_TYPE = YES_ERROR;
				GCC_WARN_UNDECLARED_SELECTOR = YES;
				GCC_WARN_UNINITIALIZED_AUTOS = YES_AGGRESSIVE;
				GCC_WARN_UNUSED_FUNCTION = YES;
				GCC_WARN_UNUSED_VARIABLE = YES;
				IPHONEOS_DEPLOYMENT_TARGET = 12.0;
				MTL_ENABLE_DEBUG_INFO = INCLUDE_SOURCE;
				MTL_FAST_MATH = YES;
				ONLY_ACTIVE_ARCH = YES;
				SDKROOT = iphoneos;
			};
			name = Debug;
		};
		931B93F12163F5540034D8FA /* Release */ = {
			isa = XCBuildConfiguration;
			buildSettings = {
				ALWAYS_SEARCH_USER_PATHS = NO;
				CLANG_ANALYZER_NONNULL = YES;
				CLANG_ANALYZER_NUMBER_OBJECT_CONVERSION = YES_AGGRESSIVE;
				CLANG_CXX_LANGUAGE_STANDARD = "gnu++14";
				CLANG_CXX_LIBRARY = "libc++";
				CLANG_ENABLE_MODULES = YES;
				CLANG_ENABLE_OBJC_ARC = YES;
				CLANG_ENABLE_OBJC_WEAK = YES;
				CLANG_WARN_BLOCK_CAPTURE_AUTORELEASING = YES;
				CLANG_WARN_BOOL_CONVERSION = YES;
				CLANG_WARN_COMMA = YES;
				CLANG_WARN_CONSTANT_CONVERSION = YES;
				CLANG_WARN_DEPRECATED_OBJC_IMPLEMENTATIONS = YES;
				CLANG_WARN_DIRECT_OBJC_ISA_USAGE = YES_ERROR;
				CLANG_WARN_DOCUMENTATION_COMMENTS = YES;
				CLANG_WARN_EMPTY_BODY = YES;
				CLANG_WARN_ENUM_CONVERSION = YES;
				CLANG_WARN_INFINITE_RECURSION = YES;
				CLANG_WARN_INT_CONVERSION = YES;
				CLANG_WARN_NON_LITERAL_NULL_CONVERSION = YES;
				CLANG_WARN_OBJC_IMPLICIT_RETAIN_SELF = YES;
				CLANG_WARN_OBJC_LITERAL_CONVERSION = YES;
				CLANG_WARN_OBJC_ROOT_CLASS = YES_ERROR;
				CLANG_WARN_RANGE_LOOP_ANALYSIS = YES;
				CLANG_WARN_STRICT_PROTOTYPES = YES;
				CLANG_WARN_SUSPICIOUS_MOVE = YES;
				CLANG_WARN_UNGUARDED_AVAILABILITY = YES_AGGRESSIVE;
				CLANG_WARN_UNREACHABLE_CODE = YES;
				CLANG_WARN__DUPLICATE_METHOD_MATCH = YES;
				CODE_SIGN_IDENTITY = "iPhone Developer";
				COPY_PHASE_STRIP = NO;
				DEBUG_INFORMATION_FORMAT = "dwarf-with-dsym";
				ENABLE_NS_ASSERTIONS = NO;
				ENABLE_STRICT_OBJC_MSGSEND = YES;
				GCC_C_LANGUAGE_STANDARD = gnu11;
				GCC_NO_COMMON_BLOCKS = YES;
				GCC_WARN_64_TO_32_BIT_CONVERSION = YES;
				GCC_WARN_ABOUT_RETURN_TYPE = YES_ERROR;
				GCC_WARN_UNDECLARED_SELECTOR = YES;
				GCC_WARN_UNINITIALIZED_AUTOS = YES_AGGRESSIVE;
				GCC_WARN_UNUSED_FUNCTION = YES;
				GCC_WARN_UNUSED_VARIABLE = YES;
				IPHONEOS_DEPLOYMENT_TARGET = 12.0;
				MTL_ENABLE_DEBUG_INFO = NO;
				MTL_FAST_MATH = YES;
				SDKROOT = iphoneos;
				VALIDATE_PRODUCT = YES;
			};
			name = Release;
		};
		931B93F32163F5540034D8FA /* Debug */ = {
			isa = XCBuildConfiguration;
			buildSettings = {
				ASSETCATALOG_COMPILER_APPICON_NAME = AppIcon;
				CODE_SIGN_STYLE = Automatic;
				DEVELOPMENT_TEAM = THEWY9596Q;
				INFOPLIST_FILE = OBANetworking/Info.plist;
				LD_RUNPATH_SEARCH_PATHS = (
					"$(inherited)",
					"@executable_path/Frameworks",
				);
				PRODUCT_BUNDLE_IDENTIFIER = org.onebusaway.OBANetworking;
				PRODUCT_NAME = "$(TARGET_NAME)";
				TARGETED_DEVICE_FAMILY = "1,2";
			};
			name = Debug;
		};
		931B93F42163F5540034D8FA /* Release */ = {
			isa = XCBuildConfiguration;
			buildSettings = {
				ASSETCATALOG_COMPILER_APPICON_NAME = AppIcon;
				CODE_SIGN_STYLE = Automatic;
				DEVELOPMENT_TEAM = THEWY9596Q;
				INFOPLIST_FILE = OBANetworking/Info.plist;
				LD_RUNPATH_SEARCH_PATHS = (
					"$(inherited)",
					"@executable_path/Frameworks",
				);
				PRODUCT_BUNDLE_IDENTIFIER = org.onebusaway.OBANetworking;
				PRODUCT_NAME = "$(TARGET_NAME)";
				TARGETED_DEVICE_FAMILY = "1,2";
			};
			name = Release;
		};
		931B93F62163F5540034D8FA /* Debug */ = {
			isa = XCBuildConfiguration;
			buildSettings = {
				BUNDLE_LOADER = "$(TEST_HOST)";
				CODE_SIGN_STYLE = Automatic;
				DEVELOPMENT_TEAM = THEWY9596Q;
				INFOPLIST_FILE = OBANetworkingTests/Info.plist;
				LD_RUNPATH_SEARCH_PATHS = (
					"$(inherited)",
					"@executable_path/Frameworks",
					"@loader_path/Frameworks",
				);
				PRODUCT_BUNDLE_IDENTIFIER = org.onebusaway.OBANetworkingTests;
				PRODUCT_NAME = "$(TARGET_NAME)";
				TARGETED_DEVICE_FAMILY = "1,2";
				TEST_HOST = "$(BUILT_PRODUCTS_DIR)/OBANetworking.app/OBANetworking";
			};
			name = Debug;
		};
		931B93F72163F5540034D8FA /* Release */ = {
			isa = XCBuildConfiguration;
			buildSettings = {
				BUNDLE_LOADER = "$(TEST_HOST)";
				CODE_SIGN_STYLE = Automatic;
				DEVELOPMENT_TEAM = THEWY9596Q;
				INFOPLIST_FILE = OBANetworkingTests/Info.plist;
				LD_RUNPATH_SEARCH_PATHS = (
					"$(inherited)",
					"@executable_path/Frameworks",
					"@loader_path/Frameworks",
				);
				PRODUCT_BUNDLE_IDENTIFIER = org.onebusaway.OBANetworkingTests;
				PRODUCT_NAME = "$(TARGET_NAME)";
				TARGETED_DEVICE_FAMILY = "1,2";
				TEST_HOST = "$(BUILT_PRODUCTS_DIR)/OBANetworking.app/OBANetworking";
			};
			name = Release;
		};
/* End XCBuildConfiguration section */

/* Begin XCConfigurationList section */
		931B93CC2163F5520034D8FA /* Build configuration list for PBXProject "OBANetworking" */ = {
			isa = XCConfigurationList;
			buildConfigurations = (
				931B93F02163F5540034D8FA /* Debug */,
				931B93F12163F5540034D8FA /* Release */,
			);
			defaultConfigurationIsVisible = 0;
			defaultConfigurationName = Release;
		};
		931B93F22163F5540034D8FA /* Build configuration list for PBXNativeTarget "OBANetworking" */ = {
			isa = XCConfigurationList;
			buildConfigurations = (
				931B93F32163F5540034D8FA /* Debug */,
				931B93F42163F5540034D8FA /* Release */,
			);
			defaultConfigurationIsVisible = 0;
			defaultConfigurationName = Release;
		};
		931B93F52163F5540034D8FA /* Build configuration list for PBXNativeTarget "OBANetworkingTests" */ = {
			isa = XCConfigurationList;
			buildConfigurations = (
				931B93F62163F5540034D8FA /* Debug */,
				931B93F72163F5540034D8FA /* Release */,
			);
			defaultConfigurationIsVisible = 0;
			defaultConfigurationName = Release;
		};
/* End XCConfigurationList section */
	};
	rootObject = 931B93C92163F5520034D8FA /* Project object */;
}
