// !$*UTF8*$!
{
	archiveVersion = 1;
	classes = {
	};
	objectVersion = 50;
	objects = {

/* Begin PBXBuildFile section */
		93058C91216C5644008A31A4 /* RouteSearchOperation.swift in Sources */ = {isa = PBXBuildFile; fileRef = 93058C90216C5644008A31A4 /* RouteSearchOperation.swift */; };
		93058C93216C5A0C008A31A4 /* RouteSearchOperationTest.swift in Sources */ = {isa = PBXBuildFile; fileRef = 93058C92216C5A0C008A31A4 /* RouteSearchOperationTest.swift */; };
		93058C95216CDCCE008A31A4 /* routes-for-location-10.json in Resources */ = {isa = PBXBuildFile; fileRef = 93058C94216CDCCE008A31A4 /* routes-for-location-10.json */; };
		9309DCA4217D0B3200E750D0 /* Route.swift in Sources */ = {isa = PBXBuildFile; fileRef = 9309DCA3217D0B3200E750D0 /* Route.swift */; };
		9309DCA6217D0E9500E750D0 /* Stop.swift in Sources */ = {isa = PBXBuildFile; fileRef = 9309DCA5217D0E9500E750D0 /* Stop.swift */; };
		9309DCA8217D117900E750D0 /* ModelHelpers.swift in Sources */ = {isa = PBXBuildFile; fileRef = 9309DCA7217D117900E750D0 /* ModelHelpers.swift */; };
		9309DCAA217D8ED300E750D0 /* Trip.swift in Sources */ = {isa = PBXBuildFile; fileRef = 9309DCA9217D8ED200E750D0 /* Trip.swift */; };
		93158B87217B991700E16DBA /* VehicleStatus.swift in Sources */ = {isa = PBXBuildFile; fileRef = 93158B86217B991700E16DBA /* VehicleStatus.swift */; };
		93158B89217B9B2900E16DBA /* TripStatus.swift in Sources */ = {isa = PBXBuildFile; fileRef = 93158B88217B9B2900E16DBA /* TripStatus.swift */; };
		93158B8B217B9D5900E16DBA /* InternalTypes.swift in Sources */ = {isa = PBXBuildFile; fileRef = 93158B8A217B9D5900E16DBA /* InternalTypes.swift */; };
		93158B8D217BC66500E16DBA /* captive_portal.html in Resources */ = {isa = PBXBuildFile; fileRef = 93158B8C217BC66500E16DBA /* captive_portal.html */; };
		93158B8F217C05FB00E16DBA /* References.swift in Sources */ = {isa = PBXBuildFile; fileRef = 93158B8E217C05FB00E16DBA /* References.swift */; };
		93158B91217C0B0A00E16DBA /* Agency.swift in Sources */ = {isa = PBXBuildFile; fileRef = 93158B90217C0B0A00E16DBA /* Agency.swift */; };
		93158B93217C189500E16DBA /* RESTModelOperation.swift in Sources */ = {isa = PBXBuildFile; fileRef = 93158B92217C189500E16DBA /* RESTModelOperation.swift */; };
		93158B95217C1C2400E16DBA /* Frequency.swift in Sources */ = {isa = PBXBuildFile; fileRef = 93158B94217C1C2400E16DBA /* Frequency.swift */; };
		93158B9A217CDB9A00E16DBA /* frequency-vehicle.json in Resources */ = {isa = PBXBuildFile; fileRef = 93158B99217CDB9A00E16DBA /* frequency-vehicle.json */; };
		93158B9C217CE08D00E16DBA /* arrivals_and_departures_for_stop_hart_6497.json in Resources */ = {isa = PBXBuildFile; fileRef = 93158B9B217CE08D00E16DBA /* arrivals_and_departures_for_stop_hart_6497.json */; };
		93158B9E217CE18E00E16DBA /* ReferencesTests.swift in Sources */ = {isa = PBXBuildFile; fileRef = 93158B9D217CE18E00E16DBA /* ReferencesTests.swift */; };
		93158BA0217CE2AD00E16DBA /* references.json in Resources */ = {isa = PBXBuildFile; fileRef = 93158B9F217CE2AD00E16DBA /* references.json */; };
		931A7CCF2188DB1200FA3025 /* TripDetailsModelOperationTests.swift in Sources */ = {isa = PBXBuildFile; fileRef = 931A7CCE2188DB1200FA3025 /* TripDetailsModelOperationTests.swift */; };
		931B93D62163F5520034D8FA /* AppDelegate.m in Sources */ = {isa = PBXBuildFile; fileRef = 931B93D52163F5520034D8FA /* AppDelegate.m */; };
		931B93D92163F5520034D8FA /* ViewController.m in Sources */ = {isa = PBXBuildFile; fileRef = 931B93D82163F5520034D8FA /* ViewController.m */; };
		931B93DC2163F5520034D8FA /* Main.storyboard in Resources */ = {isa = PBXBuildFile; fileRef = 931B93DA2163F5520034D8FA /* Main.storyboard */; };
		931B93DE2163F5530034D8FA /* Assets.xcassets in Resources */ = {isa = PBXBuildFile; fileRef = 931B93DD2163F5530034D8FA /* Assets.xcassets */; };
		931B93E12163F5530034D8FA /* LaunchScreen.storyboard in Resources */ = {isa = PBXBuildFile; fileRef = 931B93DF2163F5530034D8FA /* LaunchScreen.storyboard */; };
		931B93E42163F5530034D8FA /* main.m in Sources */ = {isa = PBXBuildFile; fileRef = 931B93E32163F5530034D8FA /* main.m */; };
		931B9406216419C20034D8FA /* OBANetworkingKit.framework in Frameworks */ = {isa = PBXBuildFile; fileRef = 931B93FD216419C20034D8FA /* OBANetworkingKit.framework */; };
		931B940F216419C20034D8FA /* OBANetworkingKit.h in Headers */ = {isa = PBXBuildFile; fileRef = 931B93FF216419C20034D8FA /* OBANetworkingKit.h */; settings = {ATTRIBUTES = (Public, ); }; };
		931B9412216419C20034D8FA /* OBANetworkingKit.framework in Frameworks */ = {isa = PBXBuildFile; fileRef = 931B93FD216419C20034D8FA /* OBANetworkingKit.framework */; };
		931B9413216419C20034D8FA /* OBANetworkingKit.framework in Embed Frameworks */ = {isa = PBXBuildFile; fileRef = 931B93FD216419C20034D8FA /* OBANetworkingKit.framework */; settings = {ATTRIBUTES = (CodeSignOnCopy, RemoveHeadersOnCopy, ); }; };
		931B941E21641A7F0034D8FA /* OBAOperation.h in Headers */ = {isa = PBXBuildFile; fileRef = 931B941C21641A7F0034D8FA /* OBAOperation.h */; settings = {ATTRIBUTES = (Public, ); }; };
		931B941F21641A7F0034D8FA /* OBAOperation.m in Sources */ = {isa = PBXBuildFile; fileRef = 931B941D21641A7F0034D8FA /* OBAOperation.m */; };
		931B942621641FB50034D8FA /* OBANetworkOperation.h in Headers */ = {isa = PBXBuildFile; fileRef = 931B942421641FB50034D8FA /* OBANetworkOperation.h */; settings = {ATTRIBUTES = (Public, ); }; };
		931B942721641FB50034D8FA /* OBANetworkOperation.m in Sources */ = {isa = PBXBuildFile; fileRef = 931B942521641FB50034D8FA /* OBANetworkOperation.m */; };
		931B942A216422120034D8FA /* OBAOperation+Internal.h in Headers */ = {isa = PBXBuildFile; fileRef = 931B9428216422120034D8FA /* OBAOperation+Internal.h */; };
		931B943921642EE40034D8FA /* CurrentTimeOperation.swift in Sources */ = {isa = PBXBuildFile; fileRef = 931B943821642EE40034D8FA /* CurrentTimeOperation.swift */; };
		931B943B216430E70034D8FA /* RESTAPIService.swift in Sources */ = {isa = PBXBuildFile; fileRef = 931B943A216430E70034D8FA /* RESTAPIService.swift */; };
		931B94442164409B0034D8FA /* Nimble.framework in Frameworks */ = {isa = PBXBuildFile; fileRef = 931B943D21643D430034D8FA /* Nimble.framework */; };
		931B94452164409B0034D8FA /* OHHTTPStubs.framework in Frameworks */ = {isa = PBXBuildFile; fileRef = 931B943F21643D430034D8FA /* OHHTTPStubs.framework */; };
		931B944A2164433D0034D8FA /* CurrentTimeOperationTest.swift in Sources */ = {isa = PBXBuildFile; fileRef = 931B94492164433D0034D8FA /* CurrentTimeOperationTest.swift */; };
		931B944E216460090034D8FA /* OBANetworkHelpers.h in Headers */ = {isa = PBXBuildFile; fileRef = 931B944C216460090034D8FA /* OBANetworkHelpers.h */; settings = {ATTRIBUTES = (Public, ); }; };
		931B944F216460090034D8FA /* OBANetworkHelpers.m in Sources */ = {isa = PBXBuildFile; fileRef = 931B944D216460090034D8FA /* OBANetworkHelpers.m */; };
		931B945121648D7F0034D8FA /* RequestVehicleOperation.swift in Sources */ = {isa = PBXBuildFile; fileRef = 931B945021648D7F0034D8FA /* RequestVehicleOperation.swift */; };
		931B9453216516A10034D8FA /* RequestVehicleOperationTest.swift in Sources */ = {isa = PBXBuildFile; fileRef = 931B9452216516A10034D8FA /* RequestVehicleOperationTest.swift */; };
		931B94B8216526AA0034D8FA /* vehicle_for_id_4011.json in Resources */ = {isa = PBXBuildFile; fileRef = 931B94B7216526AA0034D8FA /* vehicle_for_id_4011.json */; };
		931B94BB216569720034D8FA /* OBARESTAPIOperation.h in Headers */ = {isa = PBXBuildFile; fileRef = 931B94B9216569720034D8FA /* OBARESTAPIOperation.h */; settings = {ATTRIBUTES = (Public, ); }; };
		931B94BC216569720034D8FA /* OBARESTAPIOperation.m in Sources */ = {isa = PBXBuildFile; fileRef = 931B94BA216569720034D8FA /* OBARESTAPIOperation.m */; };
		931B94BE216682E10034D8FA /* StopsOperation.swift in Sources */ = {isa = PBXBuildFile; fileRef = 931B94BD216682E10034D8FA /* StopsOperation.swift */; };
		931B94C021668FA90034D8FA /* StopsOperationTest.swift in Sources */ = {isa = PBXBuildFile; fileRef = 931B94BF21668FA90034D8FA /* StopsOperationTest.swift */; };
		931B94C42166D7C70034D8FA /* stops_for_location_seattle.json in Resources */ = {isa = PBXBuildFile; fileRef = 931B94C32166D7C60034D8FA /* stops_for_location_seattle.json */; };
		931B94C62166DF5F0034D8FA /* stops_for_location_seattle_span.json in Resources */ = {isa = PBXBuildFile; fileRef = 931B94C52166DF5F0034D8FA /* stops_for_location_seattle_span.json */; };
		931B94C82168388E0034D8FA /* TestCaseExtensions.swift in Sources */ = {isa = PBXBuildFile; fileRef = 931B94C72168388E0034D8FA /* TestCaseExtensions.swift */; };
		931CE267216E215B00161A6C /* TripDetailsOperation.swift in Sources */ = {isa = PBXBuildFile; fileRef = 931CE266216E215B00161A6C /* TripDetailsOperation.swift */; };
		931CE269216E35D400161A6C /* TripDetailsOperationTest.swift in Sources */ = {isa = PBXBuildFile; fileRef = 931CE268216E35D400161A6C /* TripDetailsOperationTest.swift */; };
		931CE26B216E361300161A6C /* trip_details_1_18196913.json in Resources */ = {isa = PBXBuildFile; fileRef = 931CE26A216E361300161A6C /* trip_details_1_18196913.json */; };
		931CE26D216E42AD00161A6C /* PlacemarkSearchOperation.swift in Sources */ = {isa = PBXBuildFile; fileRef = 931CE26C216E42AD00161A6C /* PlacemarkSearchOperation.swift */; };
		931CE26F216F819F00161A6C /* PlacemarkSearchOperationTest.swift in Sources */ = {isa = PBXBuildFile; fileRef = 931CE26E216F819F00161A6C /* PlacemarkSearchOperationTest.swift */; };
		931CE273216F8CC500161A6C /* StopArrivalsAndDeparturesOperation.swift in Sources */ = {isa = PBXBuildFile; fileRef = 931CE272216F8CC500161A6C /* StopArrivalsAndDeparturesOperation.swift */; };
		931CE275216F8E7800161A6C /* StopArrivalsAndDeparturesOperationTest.swift in Sources */ = {isa = PBXBuildFile; fileRef = 931CE274216F8E7800161A6C /* StopArrivalsAndDeparturesOperationTest.swift */; };
		931CE277216F8F4500161A6C /* arrivals-and-departures-for-stop-1_75414.json in Resources */ = {isa = PBXBuildFile; fileRef = 931CE276216F8F4500161A6C /* arrivals-and-departures-for-stop-1_75414.json */; };
		931CE27A216F941D00161A6C /* ObacoService.swift in Sources */ = {isa = PBXBuildFile; fileRef = 931CE279216F941D00161A6C /* ObacoService.swift */; };
		931CE27D216F944E00161A6C /* RegionsService.swift in Sources */ = {isa = PBXBuildFile; fileRef = 931CE27C216F944E00161A6C /* RegionsService.swift */; };
		932A6F2821801BB00008654F /* arrival-and-departure-for-stop-MTS_11589.json in Resources */ = {isa = PBXBuildFile; fileRef = 932A6F2721801BAF0008654F /* arrival-and-departure-for-stop-MTS_11589.json */; };
		932A6F2A218022AF0008654F /* Situation.swift in Sources */ = {isa = PBXBuildFile; fileRef = 932A6F29218022AF0008654F /* Situation.swift */; };
		932AAF9C216960A70070BF56 /* ArrivalDepartureForStopOperation.swift in Sources */ = {isa = PBXBuildFile; fileRef = 932AAF9B216960A70070BF56 /* ArrivalDepartureForStopOperation.swift */; };
		932AAF9E216962D20070BF56 /* ArrivalDepartureForStopTest.swift in Sources */ = {isa = PBXBuildFile; fileRef = 932AAF9D216962D20070BF56 /* ArrivalDepartureForStopTest.swift */; };
		932AAFA021696C170070BF56 /* arrival-and-departure-for-stop-1_11420.json in Resources */ = {isa = PBXBuildFile; fileRef = 932AAF9F21696C170070BF56 /* arrival-and-departure-for-stop-1_11420.json */; };
		932AAFA2216983810070BF56 /* ShapeOperation.swift in Sources */ = {isa = PBXBuildFile; fileRef = 932AAFA1216983810070BF56 /* ShapeOperation.swift */; };
		932AAFA42169840B0070BF56 /* ShapeOperationTest.swift in Sources */ = {isa = PBXBuildFile; fileRef = 932AAFA32169840B0070BF56 /* ShapeOperationTest.swift */; };
		932AAFA6216984E90070BF56 /* shape_1_20010002.json in Resources */ = {isa = PBXBuildFile; fileRef = 932AAFA5216984E90070BF56 /* shape_1_20010002.json */; };
		932AAFA921698B110070BF56 /* AgenciesWithCoverageOperation.swift in Sources */ = {isa = PBXBuildFile; fileRef = 932AAFA821698B110070BF56 /* AgenciesWithCoverageOperation.swift */; };
		932AAFAB21698CA80070BF56 /* AgenciesWithCoverageOperationTest.swift in Sources */ = {isa = PBXBuildFile; fileRef = 932AAFAA21698CA80070BF56 /* AgenciesWithCoverageOperationTest.swift */; };
		932AAFAD21698DA30070BF56 /* agencies_with_coverage.json in Resources */ = {isa = PBXBuildFile; fileRef = 932AAFAC21698DA30070BF56 /* agencies_with_coverage.json */; };
		933FFF2E217943D4006682C3 /* MatchingVehiclesOperation.swift in Sources */ = {isa = PBXBuildFile; fileRef = 933FFF2D217943D4006682C3 /* MatchingVehiclesOperation.swift */; };
		933FFF312179460D006682C3 /* MatchingVehicleOperationTest.swift in Sources */ = {isa = PBXBuildFile; fileRef = 933FFF302179460D006682C3 /* MatchingVehicleOperationTest.swift */; };
		933FFF33217946CA006682C3 /* vehicles-query-1_1.json in Resources */ = {isa = PBXBuildFile; fileRef = 933FFF32217946CA006682C3 /* vehicles-query-1_1.json */; };
		933FFF3521794AF6006682C3 /* VehicleTripOperation.swift in Sources */ = {isa = PBXBuildFile; fileRef = 933FFF3421794AF6006682C3 /* VehicleTripOperation.swift */; };
		933FFF3721794D8D006682C3 /* VehicleTripOperationTest.swift in Sources */ = {isa = PBXBuildFile; fileRef = 933FFF3621794D8D006682C3 /* VehicleTripOperationTest.swift */; };
		933FFF3921795403006682C3 /* trip-for-vehicle-1_2799.json in Resources */ = {isa = PBXBuildFile; fileRef = 933FFF3821795403006682C3 /* trip-for-vehicle-1_2799.json */; };
		933FFF3C2179A8DE006682C3 /* RESTAPIModelService.swift in Sources */ = {isa = PBXBuildFile; fileRef = 933FFF3B2179A8DE006682C3 /* RESTAPIModelService.swift */; };
		933FFF3E2179AF7E006682C3 /* VehicleStatusModelOperation.swift in Sources */ = {isa = PBXBuildFile; fileRef = 933FFF3D2179AF7E006682C3 /* VehicleStatusModelOperation.swift */; };
		933FFF45217A7FC0006682C3 /* DictionaryDecodingTests.swift in Sources */ = {isa = PBXBuildFile; fileRef = 933FFF43217A7FC0006682C3 /* DictionaryDecodingTests.swift */; };
		933FFF46217A7FC0006682C3 /* DictionaryEncodingTests.swift in Sources */ = {isa = PBXBuildFile; fileRef = 933FFF44217A7FC0006682C3 /* DictionaryEncodingTests.swift */; };
		933FFF4B217A7FD9006682C3 /* DictionaryErrors.swift in Sources */ = {isa = PBXBuildFile; fileRef = 933FFF47217A7FD9006682C3 /* DictionaryErrors.swift */; };
		933FFF4C217A7FD9006682C3 /* DictionaryCodingKey.swift in Sources */ = {isa = PBXBuildFile; fileRef = 933FFF48217A7FD9006682C3 /* DictionaryCodingKey.swift */; };
		933FFF4D217A7FD9006682C3 /* DictionaryEncoder.swift in Sources */ = {isa = PBXBuildFile; fileRef = 933FFF49217A7FD9006682C3 /* DictionaryEncoder.swift */; };
		933FFF4E217A7FD9006682C3 /* DictionaryDecoder.swift in Sources */ = {isa = PBXBuildFile; fileRef = 933FFF4A217A7FD9006682C3 /* DictionaryDecoder.swift */; };
		933FFF53217A8D4A006682C3 /* VehicleStatusModelOperationTests.swift in Sources */ = {isa = PBXBuildFile; fileRef = 933FFF52217A8D4A006682C3 /* VehicleStatusModelOperationTests.swift */; };
		9351CFFA216A84AA002D5391 /* StopsForRouteOperation.swift in Sources */ = {isa = PBXBuildFile; fileRef = 9351CFF9216A84AA002D5391 /* StopsForRouteOperation.swift */; };
		9351CFFC216A850E002D5391 /* StopsForRouteOperationTest.swift in Sources */ = {isa = PBXBuildFile; fileRef = 9351CFFB216A850E002D5391 /* StopsForRouteOperationTest.swift */; };
		9351CFFE216C0084002D5391 /* stops-for-route-1_100002.json in Resources */ = {isa = PBXBuildFile; fileRef = 9351CFFD216C0084002D5391 /* stops-for-route-1_100002.json */; };
		9369788F2170D5AE0053DF37 /* RegionalAlertsOperation.swift in Sources */ = {isa = PBXBuildFile; fileRef = 9369788E2170D5AE0053DF37 /* RegionalAlertsOperation.swift */; };
		936978922170DAF40053DF37 /* puget_sound_alerts.pb in Resources */ = {isa = PBXBuildFile; fileRef = 936978912170DAF40053DF37 /* puget_sound_alerts.pb */; };
		936978942170DB080053DF37 /* RegionalAlertsOperationTest.swift in Sources */ = {isa = PBXBuildFile; fileRef = 936978932170DB080053DF37 /* RegionalAlertsOperationTest.swift */; };
		936978962170DD0A0053DF37 /* StopProblemOperation.swift in Sources */ = {isa = PBXBuildFile; fileRef = 936978952170DD0A0053DF37 /* StopProblemOperation.swift */; };
		93697898217122460053DF37 /* StopProblemOperationTest.swift in Sources */ = {isa = PBXBuildFile; fileRef = 93697897217122460053DF37 /* StopProblemOperationTest.swift */; };
		937BB7302173AFCC00BE5635 /* OBATestCase.swift in Sources */ = {isa = PBXBuildFile; fileRef = 937BB72F2173AFCC00BE5635 /* OBATestCase.swift */; };
		937BB7332173DC4D00BE5635 /* report_stop_problem.json in Resources */ = {isa = PBXBuildFile; fileRef = 937BB7322173DC4D00BE5635 /* report_stop_problem.json */; };
		937BB7352173EC0E00BE5635 /* TripProblemOperation.swift in Sources */ = {isa = PBXBuildFile; fileRef = 937BB7342173EC0E00BE5635 /* TripProblemOperation.swift */; };
		937BB7372174384100BE5635 /* TripProblemOperationTest.swift in Sources */ = {isa = PBXBuildFile; fileRef = 937BB7362174384100BE5635 /* TripProblemOperationTest.swift */; };
		937BB73921743A2800BE5635 /* report_trip_problem.json in Resources */ = {isa = PBXBuildFile; fileRef = 937BB73821743A2800BE5635 /* report_trip_problem.json */; };
		937BB73D2175566600BE5635 /* APIService.swift in Sources */ = {isa = PBXBuildFile; fileRef = 937BB73C2175566600BE5635 /* APIService.swift */; };
		93EC531A2185714400C974AB /* TripDetailsModelOperation.swift in Sources */ = {isa = PBXBuildFile; fileRef = 93EC53192185714400C974AB /* TripDetailsModelOperation.swift */; };
		93EC531C2185874C00C974AB /* TripDetails.swift in Sources */ = {isa = PBXBuildFile; fileRef = 93EC531B2185874C00C974AB /* TripDetails.swift */; };
		93FAAA9A2177056A0086D9DE /* RegionsOperation.swift in Sources */ = {isa = PBXBuildFile; fileRef = 93FAAA992177056A0086D9DE /* RegionsOperation.swift */; };
		93FAAA9D2177E1130086D9DE /* RegionsOperationTest.swift in Sources */ = {isa = PBXBuildFile; fileRef = 93FAAA9C2177E1130086D9DE /* RegionsOperationTest.swift */; };
		93FAAA9F2177E27C0086D9DE /* regions-v3.json in Resources */ = {isa = PBXBuildFile; fileRef = 93FAAA9E2177E27C0086D9DE /* regions-v3.json */; };
		93FAAAA12177E85E0086D9DE /* WeatherOperation.swift in Sources */ = {isa = PBXBuildFile; fileRef = 93FAAAA02177E85E0086D9DE /* WeatherOperation.swift */; };
		93FAAAA42177EB6B0086D9DE /* WeatherOperationTest.swift in Sources */ = {isa = PBXBuildFile; fileRef = 93FAAAA32177EB6B0086D9DE /* WeatherOperationTest.swift */; };
		93FAAAA62177EC2D0086D9DE /* pugetsound-weather.json in Resources */ = {isa = PBXBuildFile; fileRef = 93FAAAA52177EC2D0086D9DE /* pugetsound-weather.json */; };
		93FAAAAB217858C20086D9DE /* CreateAlarmOperation.swift in Sources */ = {isa = PBXBuildFile; fileRef = 93FAAAAA217858C20086D9DE /* CreateAlarmOperation.swift */; };
		93FAAAAD21785DB40086D9DE /* AlarmOperationTest.swift in Sources */ = {isa = PBXBuildFile; fileRef = 93FAAAAC21785DB40086D9DE /* AlarmOperationTest.swift */; };
		93FAAAAF2178D5060086D9DE /* create_alarm.json in Resources */ = {isa = PBXBuildFile; fileRef = 93FAAAAE2178D5060086D9DE /* create_alarm.json */; };
/* End PBXBuildFile section */

/* Begin PBXContainerItemProxy section */
		931B9407216419C20034D8FA /* PBXContainerItemProxy */ = {
			isa = PBXContainerItemProxy;
			containerPortal = 931B93C92163F5520034D8FA /* Project object */;
			proxyType = 1;
			remoteGlobalIDString = 931B93FC216419C20034D8FA;
			remoteInfo = OBANetworkingKit;
		};
		931B9409216419C20034D8FA /* PBXContainerItemProxy */ = {
			isa = PBXContainerItemProxy;
			containerPortal = 931B93C92163F5520034D8FA /* Project object */;
			proxyType = 1;
			remoteGlobalIDString = 931B93D02163F5520034D8FA;
			remoteInfo = OBANetworking;
		};
		931B9410216419C20034D8FA /* PBXContainerItemProxy */ = {
			isa = PBXContainerItemProxy;
			containerPortal = 931B93C92163F5520034D8FA /* Project object */;
			proxyType = 1;
			remoteGlobalIDString = 931B93FC216419C20034D8FA;
			remoteInfo = OBANetworkingKit;
		};
/* End PBXContainerItemProxy section */

/* Begin PBXCopyFilesBuildPhase section */
		931B9417216419C20034D8FA /* Embed Frameworks */ = {
			isa = PBXCopyFilesBuildPhase;
			buildActionMask = 2147483647;
			dstPath = "";
			dstSubfolderSpec = 10;
			files = (
				931B9413216419C20034D8FA /* OBANetworkingKit.framework in Embed Frameworks */,
			);
			name = "Embed Frameworks";
			runOnlyForDeploymentPostprocessing = 0;
		};
/* End PBXCopyFilesBuildPhase section */

/* Begin PBXFileReference section */
		93058C90216C5644008A31A4 /* RouteSearchOperation.swift */ = {isa = PBXFileReference; lastKnownFileType = sourcecode.swift; path = RouteSearchOperation.swift; sourceTree = "<group>"; };
		93058C92216C5A0C008A31A4 /* RouteSearchOperationTest.swift */ = {isa = PBXFileReference; lastKnownFileType = sourcecode.swift; path = RouteSearchOperationTest.swift; sourceTree = "<group>"; };
		93058C94216CDCCE008A31A4 /* routes-for-location-10.json */ = {isa = PBXFileReference; fileEncoding = 4; lastKnownFileType = text.json; path = "routes-for-location-10.json"; sourceTree = "<group>"; };
		93058C97216CE29F008A31A4 /* module.modulemap */ = {isa = PBXFileReference; lastKnownFileType = "sourcecode.module-map"; path = module.modulemap; sourceTree = "<group>"; };
		9309DCA3217D0B3200E750D0 /* Route.swift */ = {isa = PBXFileReference; lastKnownFileType = sourcecode.swift; path = Route.swift; sourceTree = "<group>"; };
		9309DCA5217D0E9500E750D0 /* Stop.swift */ = {isa = PBXFileReference; lastKnownFileType = sourcecode.swift; path = Stop.swift; sourceTree = "<group>"; };
		9309DCA7217D117900E750D0 /* ModelHelpers.swift */ = {isa = PBXFileReference; lastKnownFileType = sourcecode.swift; path = ModelHelpers.swift; sourceTree = "<group>"; };
		9309DCA9217D8ED200E750D0 /* Trip.swift */ = {isa = PBXFileReference; lastKnownFileType = sourcecode.swift; path = Trip.swift; sourceTree = "<group>"; };
		93158B86217B991700E16DBA /* VehicleStatus.swift */ = {isa = PBXFileReference; lastKnownFileType = sourcecode.swift; path = VehicleStatus.swift; sourceTree = "<group>"; };
		93158B88217B9B2900E16DBA /* TripStatus.swift */ = {isa = PBXFileReference; lastKnownFileType = sourcecode.swift; path = TripStatus.swift; sourceTree = "<group>"; };
		93158B8A217B9D5900E16DBA /* InternalTypes.swift */ = {isa = PBXFileReference; lastKnownFileType = sourcecode.swift; path = InternalTypes.swift; sourceTree = "<group>"; };
		93158B8C217BC66500E16DBA /* captive_portal.html */ = {isa = PBXFileReference; fileEncoding = 4; lastKnownFileType = text.html; path = captive_portal.html; sourceTree = "<group>"; };
		93158B8E217C05FB00E16DBA /* References.swift */ = {isa = PBXFileReference; lastKnownFileType = sourcecode.swift; path = References.swift; sourceTree = "<group>"; };
		93158B90217C0B0A00E16DBA /* Agency.swift */ = {isa = PBXFileReference; lastKnownFileType = sourcecode.swift; path = Agency.swift; sourceTree = "<group>"; };
		93158B92217C189500E16DBA /* RESTModelOperation.swift */ = {isa = PBXFileReference; lastKnownFileType = sourcecode.swift; path = RESTModelOperation.swift; sourceTree = "<group>"; };
		93158B94217C1C2400E16DBA /* Frequency.swift */ = {isa = PBXFileReference; lastKnownFileType = sourcecode.swift; path = Frequency.swift; sourceTree = "<group>"; };
		93158B99217CDB9A00E16DBA /* frequency-vehicle.json */ = {isa = PBXFileReference; fileEncoding = 4; lastKnownFileType = text.json; path = "frequency-vehicle.json"; sourceTree = "<group>"; };
		93158B9B217CE08D00E16DBA /* arrivals_and_departures_for_stop_hart_6497.json */ = {isa = PBXFileReference; fileEncoding = 4; lastKnownFileType = text.json; path = arrivals_and_departures_for_stop_hart_6497.json; sourceTree = "<group>"; };
		93158B9D217CE18E00E16DBA /* ReferencesTests.swift */ = {isa = PBXFileReference; lastKnownFileType = sourcecode.swift; path = ReferencesTests.swift; sourceTree = "<group>"; };
		93158B9F217CE2AD00E16DBA /* references.json */ = {isa = PBXFileReference; fileEncoding = 4; lastKnownFileType = text.json; path = references.json; sourceTree = "<group>"; };
		931A7CCE2188DB1200FA3025 /* TripDetailsModelOperationTests.swift */ = {isa = PBXFileReference; lastKnownFileType = sourcecode.swift; path = TripDetailsModelOperationTests.swift; sourceTree = "<group>"; };
		931B93D12163F5520034D8FA /* OBANetworking.app */ = {isa = PBXFileReference; explicitFileType = wrapper.application; includeInIndex = 0; path = OBANetworking.app; sourceTree = BUILT_PRODUCTS_DIR; };
		931B93D42163F5520034D8FA /* AppDelegate.h */ = {isa = PBXFileReference; lastKnownFileType = sourcecode.c.h; path = AppDelegate.h; sourceTree = "<group>"; };
		931B93D52163F5520034D8FA /* AppDelegate.m */ = {isa = PBXFileReference; lastKnownFileType = sourcecode.c.objc; path = AppDelegate.m; sourceTree = "<group>"; };
		931B93D72163F5520034D8FA /* ViewController.h */ = {isa = PBXFileReference; lastKnownFileType = sourcecode.c.h; path = ViewController.h; sourceTree = "<group>"; };
		931B93D82163F5520034D8FA /* ViewController.m */ = {isa = PBXFileReference; lastKnownFileType = sourcecode.c.objc; path = ViewController.m; sourceTree = "<group>"; };
		931B93DB2163F5520034D8FA /* Base */ = {isa = PBXFileReference; lastKnownFileType = file.storyboard; name = Base; path = Base.lproj/Main.storyboard; sourceTree = "<group>"; };
		931B93DD2163F5530034D8FA /* Assets.xcassets */ = {isa = PBXFileReference; lastKnownFileType = folder.assetcatalog; path = Assets.xcassets; sourceTree = "<group>"; };
		931B93E02163F5530034D8FA /* Base */ = {isa = PBXFileReference; lastKnownFileType = file.storyboard; name = Base; path = Base.lproj/LaunchScreen.storyboard; sourceTree = "<group>"; };
		931B93E22163F5530034D8FA /* Info.plist */ = {isa = PBXFileReference; lastKnownFileType = text.plist.xml; path = Info.plist; sourceTree = "<group>"; };
		931B93E32163F5530034D8FA /* main.m */ = {isa = PBXFileReference; lastKnownFileType = sourcecode.c.objc; path = main.m; sourceTree = "<group>"; };
		931B93FD216419C20034D8FA /* OBANetworkingKit.framework */ = {isa = PBXFileReference; explicitFileType = wrapper.framework; includeInIndex = 0; path = OBANetworkingKit.framework; sourceTree = BUILT_PRODUCTS_DIR; };
		931B93FF216419C20034D8FA /* OBANetworkingKit.h */ = {isa = PBXFileReference; lastKnownFileType = sourcecode.c.h; path = OBANetworkingKit.h; sourceTree = "<group>"; };
		931B9400216419C20034D8FA /* Info.plist */ = {isa = PBXFileReference; lastKnownFileType = text.plist.xml; path = Info.plist; sourceTree = "<group>"; };
		931B9405216419C20034D8FA /* OBANetworkingKitTests.xctest */ = {isa = PBXFileReference; explicitFileType = wrapper.cfbundle; includeInIndex = 0; path = OBANetworkingKitTests.xctest; sourceTree = BUILT_PRODUCTS_DIR; };
		931B940E216419C20034D8FA /* Info.plist */ = {isa = PBXFileReference; lastKnownFileType = text.plist.xml; path = Info.plist; sourceTree = "<group>"; };
		931B941C21641A7F0034D8FA /* OBAOperation.h */ = {isa = PBXFileReference; lastKnownFileType = sourcecode.c.h; path = OBAOperation.h; sourceTree = "<group>"; };
		931B941D21641A7F0034D8FA /* OBAOperation.m */ = {isa = PBXFileReference; lastKnownFileType = sourcecode.c.objc; path = OBAOperation.m; sourceTree = "<group>"; };
		931B942421641FB50034D8FA /* OBANetworkOperation.h */ = {isa = PBXFileReference; lastKnownFileType = sourcecode.c.h; path = OBANetworkOperation.h; sourceTree = "<group>"; };
		931B942521641FB50034D8FA /* OBANetworkOperation.m */ = {isa = PBXFileReference; lastKnownFileType = sourcecode.c.objc; path = OBANetworkOperation.m; sourceTree = "<group>"; };
		931B9428216422120034D8FA /* OBAOperation+Internal.h */ = {isa = PBXFileReference; lastKnownFileType = sourcecode.c.h; path = "OBAOperation+Internal.h"; sourceTree = "<group>"; };
		931B943821642EE40034D8FA /* CurrentTimeOperation.swift */ = {isa = PBXFileReference; lastKnownFileType = sourcecode.swift; path = CurrentTimeOperation.swift; sourceTree = "<group>"; };
		931B943A216430E70034D8FA /* RESTAPIService.swift */ = {isa = PBXFileReference; lastKnownFileType = sourcecode.swift; path = RESTAPIService.swift; sourceTree = "<group>"; };
		931B943D21643D430034D8FA /* Nimble.framework */ = {isa = PBXFileReference; lastKnownFileType = wrapper.framework; name = Nimble.framework; path = Carthage/Build/iOS/Nimble.framework; sourceTree = "<group>"; };
		931B943F21643D430034D8FA /* OHHTTPStubs.framework */ = {isa = PBXFileReference; lastKnownFileType = wrapper.framework; name = OHHTTPStubs.framework; path = Carthage/Build/iOS/OHHTTPStubs.framework; sourceTree = "<group>"; };
		931B94482164433C0034D8FA /* OBANetworkingKitTests-Bridging-Header.h */ = {isa = PBXFileReference; lastKnownFileType = sourcecode.c.h; path = "OBANetworkingKitTests-Bridging-Header.h"; sourceTree = "<group>"; };
		931B94492164433D0034D8FA /* CurrentTimeOperationTest.swift */ = {isa = PBXFileReference; lastKnownFileType = sourcecode.swift; path = CurrentTimeOperationTest.swift; sourceTree = "<group>"; };
		931B944C216460090034D8FA /* OBANetworkHelpers.h */ = {isa = PBXFileReference; lastKnownFileType = sourcecode.c.h; path = OBANetworkHelpers.h; sourceTree = "<group>"; };
		931B944D216460090034D8FA /* OBANetworkHelpers.m */ = {isa = PBXFileReference; lastKnownFileType = sourcecode.c.objc; path = OBANetworkHelpers.m; sourceTree = "<group>"; };
		931B945021648D7F0034D8FA /* RequestVehicleOperation.swift */ = {isa = PBXFileReference; lastKnownFileType = sourcecode.swift; path = RequestVehicleOperation.swift; sourceTree = "<group>"; };
		931B9452216516A10034D8FA /* RequestVehicleOperationTest.swift */ = {isa = PBXFileReference; lastKnownFileType = sourcecode.swift; path = RequestVehicleOperationTest.swift; sourceTree = "<group>"; };
		931B94B7216526AA0034D8FA /* vehicle_for_id_4011.json */ = {isa = PBXFileReference; fileEncoding = 4; lastKnownFileType = text.json; path = vehicle_for_id_4011.json; sourceTree = "<group>"; };
		931B94B9216569720034D8FA /* OBARESTAPIOperation.h */ = {isa = PBXFileReference; lastKnownFileType = sourcecode.c.h; path = OBARESTAPIOperation.h; sourceTree = "<group>"; };
		931B94BA216569720034D8FA /* OBARESTAPIOperation.m */ = {isa = PBXFileReference; lastKnownFileType = sourcecode.c.objc; path = OBARESTAPIOperation.m; sourceTree = "<group>"; };
		931B94BD216682E10034D8FA /* StopsOperation.swift */ = {isa = PBXFileReference; lastKnownFileType = sourcecode.swift; path = StopsOperation.swift; sourceTree = "<group>"; };
		931B94BF21668FA90034D8FA /* StopsOperationTest.swift */ = {isa = PBXFileReference; lastKnownFileType = sourcecode.swift; path = StopsOperationTest.swift; sourceTree = "<group>"; };
		931B94C32166D7C60034D8FA /* stops_for_location_seattle.json */ = {isa = PBXFileReference; fileEncoding = 4; lastKnownFileType = text.json; path = stops_for_location_seattle.json; sourceTree = "<group>"; };
		931B94C52166DF5F0034D8FA /* stops_for_location_seattle_span.json */ = {isa = PBXFileReference; fileEncoding = 4; lastKnownFileType = text.json; path = stops_for_location_seattle_span.json; sourceTree = "<group>"; };
		931B94C72168388E0034D8FA /* TestCaseExtensions.swift */ = {isa = PBXFileReference; lastKnownFileType = sourcecode.swift; path = TestCaseExtensions.swift; sourceTree = "<group>"; };
		931CE266216E215B00161A6C /* TripDetailsOperation.swift */ = {isa = PBXFileReference; lastKnownFileType = sourcecode.swift; path = TripDetailsOperation.swift; sourceTree = "<group>"; };
		931CE268216E35D400161A6C /* TripDetailsOperationTest.swift */ = {isa = PBXFileReference; lastKnownFileType = sourcecode.swift; path = TripDetailsOperationTest.swift; sourceTree = "<group>"; };
		931CE26A216E361300161A6C /* trip_details_1_18196913.json */ = {isa = PBXFileReference; fileEncoding = 4; lastKnownFileType = text.json; path = trip_details_1_18196913.json; sourceTree = "<group>"; };
		931CE26C216E42AD00161A6C /* PlacemarkSearchOperation.swift */ = {isa = PBXFileReference; lastKnownFileType = sourcecode.swift; path = PlacemarkSearchOperation.swift; sourceTree = "<group>"; };
		931CE26E216F819F00161A6C /* PlacemarkSearchOperationTest.swift */ = {isa = PBXFileReference; lastKnownFileType = sourcecode.swift; path = PlacemarkSearchOperationTest.swift; sourceTree = "<group>"; };
		931CE272216F8CC500161A6C /* StopArrivalsAndDeparturesOperation.swift */ = {isa = PBXFileReference; lastKnownFileType = sourcecode.swift; path = StopArrivalsAndDeparturesOperation.swift; sourceTree = "<group>"; };
		931CE274216F8E7800161A6C /* StopArrivalsAndDeparturesOperationTest.swift */ = {isa = PBXFileReference; lastKnownFileType = sourcecode.swift; path = StopArrivalsAndDeparturesOperationTest.swift; sourceTree = "<group>"; };
		931CE276216F8F4500161A6C /* arrivals-and-departures-for-stop-1_75414.json */ = {isa = PBXFileReference; fileEncoding = 4; lastKnownFileType = text.json; path = "arrivals-and-departures-for-stop-1_75414.json"; sourceTree = "<group>"; };
		931CE279216F941D00161A6C /* ObacoService.swift */ = {isa = PBXFileReference; lastKnownFileType = sourcecode.swift; path = ObacoService.swift; sourceTree = "<group>"; };
		931CE27C216F944E00161A6C /* RegionsService.swift */ = {isa = PBXFileReference; lastKnownFileType = sourcecode.swift; path = RegionsService.swift; sourceTree = "<group>"; };
		932A6F2721801BAF0008654F /* arrival-and-departure-for-stop-MTS_11589.json */ = {isa = PBXFileReference; fileEncoding = 4; lastKnownFileType = text.json; path = "arrival-and-departure-for-stop-MTS_11589.json"; sourceTree = "<group>"; };
		932A6F29218022AF0008654F /* Situation.swift */ = {isa = PBXFileReference; lastKnownFileType = sourcecode.swift; path = Situation.swift; sourceTree = "<group>"; };
		932AAF9B216960A70070BF56 /* ArrivalDepartureForStopOperation.swift */ = {isa = PBXFileReference; lastKnownFileType = sourcecode.swift; path = ArrivalDepartureForStopOperation.swift; sourceTree = "<group>"; };
		932AAF9D216962D20070BF56 /* ArrivalDepartureForStopTest.swift */ = {isa = PBXFileReference; lastKnownFileType = sourcecode.swift; path = ArrivalDepartureForStopTest.swift; sourceTree = "<group>"; };
		932AAF9F21696C170070BF56 /* arrival-and-departure-for-stop-1_11420.json */ = {isa = PBXFileReference; fileEncoding = 4; lastKnownFileType = text.json; path = "arrival-and-departure-for-stop-1_11420.json"; sourceTree = "<group>"; };
		932AAFA1216983810070BF56 /* ShapeOperation.swift */ = {isa = PBXFileReference; lastKnownFileType = sourcecode.swift; path = ShapeOperation.swift; sourceTree = "<group>"; };
		932AAFA32169840B0070BF56 /* ShapeOperationTest.swift */ = {isa = PBXFileReference; lastKnownFileType = sourcecode.swift; path = ShapeOperationTest.swift; sourceTree = "<group>"; };
		932AAFA5216984E90070BF56 /* shape_1_20010002.json */ = {isa = PBXFileReference; fileEncoding = 4; lastKnownFileType = text.json; path = shape_1_20010002.json; sourceTree = "<group>"; };
		932AAFA821698B110070BF56 /* AgenciesWithCoverageOperation.swift */ = {isa = PBXFileReference; lastKnownFileType = sourcecode.swift; path = AgenciesWithCoverageOperation.swift; sourceTree = "<group>"; };
		932AAFAA21698CA80070BF56 /* AgenciesWithCoverageOperationTest.swift */ = {isa = PBXFileReference; lastKnownFileType = sourcecode.swift; path = AgenciesWithCoverageOperationTest.swift; sourceTree = "<group>"; };
		932AAFAC21698DA30070BF56 /* agencies_with_coverage.json */ = {isa = PBXFileReference; fileEncoding = 4; lastKnownFileType = text.json; path = agencies_with_coverage.json; sourceTree = "<group>"; };
		933FFF2D217943D4006682C3 /* MatchingVehiclesOperation.swift */ = {isa = PBXFileReference; lastKnownFileType = sourcecode.swift; path = MatchingVehiclesOperation.swift; sourceTree = "<group>"; };
		933FFF302179460D006682C3 /* MatchingVehicleOperationTest.swift */ = {isa = PBXFileReference; lastKnownFileType = sourcecode.swift; path = MatchingVehicleOperationTest.swift; sourceTree = "<group>"; };
		933FFF32217946CA006682C3 /* vehicles-query-1_1.json */ = {isa = PBXFileReference; fileEncoding = 4; lastKnownFileType = text.json; path = "vehicles-query-1_1.json"; sourceTree = "<group>"; };
		933FFF3421794AF6006682C3 /* VehicleTripOperation.swift */ = {isa = PBXFileReference; lastKnownFileType = sourcecode.swift; path = VehicleTripOperation.swift; sourceTree = "<group>"; };
		933FFF3621794D8D006682C3 /* VehicleTripOperationTest.swift */ = {isa = PBXFileReference; lastKnownFileType = sourcecode.swift; path = VehicleTripOperationTest.swift; sourceTree = "<group>"; };
		933FFF3821795403006682C3 /* trip-for-vehicle-1_2799.json */ = {isa = PBXFileReference; fileEncoding = 4; lastKnownFileType = text.json; path = "trip-for-vehicle-1_2799.json"; sourceTree = "<group>"; };
		933FFF3B2179A8DE006682C3 /* RESTAPIModelService.swift */ = {isa = PBXFileReference; lastKnownFileType = sourcecode.swift; path = RESTAPIModelService.swift; sourceTree = "<group>"; };
		933FFF3D2179AF7E006682C3 /* VehicleStatusModelOperation.swift */ = {isa = PBXFileReference; lastKnownFileType = sourcecode.swift; path = VehicleStatusModelOperation.swift; sourceTree = "<group>"; };
		933FFF43217A7FC0006682C3 /* DictionaryDecodingTests.swift */ = {isa = PBXFileReference; fileEncoding = 4; lastKnownFileType = sourcecode.swift; path = DictionaryDecodingTests.swift; sourceTree = "<group>"; };
		933FFF44217A7FC0006682C3 /* DictionaryEncodingTests.swift */ = {isa = PBXFileReference; fileEncoding = 4; lastKnownFileType = sourcecode.swift; path = DictionaryEncodingTests.swift; sourceTree = "<group>"; };
		933FFF47217A7FD9006682C3 /* DictionaryErrors.swift */ = {isa = PBXFileReference; fileEncoding = 4; lastKnownFileType = sourcecode.swift; path = DictionaryErrors.swift; sourceTree = "<group>"; };
		933FFF48217A7FD9006682C3 /* DictionaryCodingKey.swift */ = {isa = PBXFileReference; fileEncoding = 4; lastKnownFileType = sourcecode.swift; path = DictionaryCodingKey.swift; sourceTree = "<group>"; };
		933FFF49217A7FD9006682C3 /* DictionaryEncoder.swift */ = {isa = PBXFileReference; fileEncoding = 4; lastKnownFileType = sourcecode.swift; path = DictionaryEncoder.swift; sourceTree = "<group>"; };
		933FFF4A217A7FD9006682C3 /* DictionaryDecoder.swift */ = {isa = PBXFileReference; fileEncoding = 4; lastKnownFileType = sourcecode.swift; path = DictionaryDecoder.swift; sourceTree = "<group>"; };
		933FFF52217A8D4A006682C3 /* VehicleStatusModelOperationTests.swift */ = {isa = PBXFileReference; lastKnownFileType = sourcecode.swift; path = VehicleStatusModelOperationTests.swift; sourceTree = "<group>"; };
		9351CFF9216A84AA002D5391 /* StopsForRouteOperation.swift */ = {isa = PBXFileReference; lastKnownFileType = sourcecode.swift; path = StopsForRouteOperation.swift; sourceTree = "<group>"; };
		9351CFFB216A850E002D5391 /* StopsForRouteOperationTest.swift */ = {isa = PBXFileReference; lastKnownFileType = sourcecode.swift; path = StopsForRouteOperationTest.swift; sourceTree = "<group>"; };
		9351CFFD216C0084002D5391 /* stops-for-route-1_100002.json */ = {isa = PBXFileReference; fileEncoding = 4; lastKnownFileType = text.json; path = "stops-for-route-1_100002.json"; sourceTree = "<group>"; };
		9369788E2170D5AE0053DF37 /* RegionalAlertsOperation.swift */ = {isa = PBXFileReference; lastKnownFileType = sourcecode.swift; path = RegionalAlertsOperation.swift; sourceTree = "<group>"; };
		936978912170DAF40053DF37 /* puget_sound_alerts.pb */ = {isa = PBXFileReference; fileEncoding = 4; lastKnownFileType = text; path = puget_sound_alerts.pb; sourceTree = "<group>"; };
		936978932170DB080053DF37 /* RegionalAlertsOperationTest.swift */ = {isa = PBXFileReference; lastKnownFileType = sourcecode.swift; path = RegionalAlertsOperationTest.swift; sourceTree = "<group>"; };
		936978952170DD0A0053DF37 /* StopProblemOperation.swift */ = {isa = PBXFileReference; lastKnownFileType = sourcecode.swift; path = StopProblemOperation.swift; sourceTree = "<group>"; };
		93697897217122460053DF37 /* StopProblemOperationTest.swift */ = {isa = PBXFileReference; lastKnownFileType = sourcecode.swift; path = StopProblemOperationTest.swift; sourceTree = "<group>"; };
		937BB72F2173AFCC00BE5635 /* OBATestCase.swift */ = {isa = PBXFileReference; lastKnownFileType = sourcecode.swift; path = OBATestCase.swift; sourceTree = "<group>"; };
		937BB7322173DC4D00BE5635 /* report_stop_problem.json */ = {isa = PBXFileReference; lastKnownFileType = text.json; path = report_stop_problem.json; sourceTree = "<group>"; };
		937BB7342173EC0E00BE5635 /* TripProblemOperation.swift */ = {isa = PBXFileReference; lastKnownFileType = sourcecode.swift; path = TripProblemOperation.swift; sourceTree = "<group>"; };
		937BB7362174384100BE5635 /* TripProblemOperationTest.swift */ = {isa = PBXFileReference; lastKnownFileType = sourcecode.swift; path = TripProblemOperationTest.swift; sourceTree = "<group>"; };
		937BB73821743A2800BE5635 /* report_trip_problem.json */ = {isa = PBXFileReference; fileEncoding = 4; lastKnownFileType = text.json; path = report_trip_problem.json; sourceTree = "<group>"; };
		937BB73C2175566600BE5635 /* APIService.swift */ = {isa = PBXFileReference; lastKnownFileType = sourcecode.swift; path = APIService.swift; sourceTree = "<group>"; };
		93EC53192185714400C974AB /* TripDetailsModelOperation.swift */ = {isa = PBXFileReference; lastKnownFileType = sourcecode.swift; path = TripDetailsModelOperation.swift; sourceTree = "<group>"; };
		93EC531B2185874C00C974AB /* TripDetails.swift */ = {isa = PBXFileReference; lastKnownFileType = sourcecode.swift; path = TripDetails.swift; sourceTree = "<group>"; };
		93FAAA992177056A0086D9DE /* RegionsOperation.swift */ = {isa = PBXFileReference; lastKnownFileType = sourcecode.swift; path = RegionsOperation.swift; sourceTree = "<group>"; };
		93FAAA9C2177E1130086D9DE /* RegionsOperationTest.swift */ = {isa = PBXFileReference; lastKnownFileType = sourcecode.swift; path = RegionsOperationTest.swift; sourceTree = "<group>"; };
		93FAAA9E2177E27C0086D9DE /* regions-v3.json */ = {isa = PBXFileReference; fileEncoding = 4; lastKnownFileType = text.json; path = "regions-v3.json"; sourceTree = "<group>"; };
		93FAAAA02177E85E0086D9DE /* WeatherOperation.swift */ = {isa = PBXFileReference; lastKnownFileType = sourcecode.swift; path = WeatherOperation.swift; sourceTree = "<group>"; };
		93FAAAA32177EB6B0086D9DE /* WeatherOperationTest.swift */ = {isa = PBXFileReference; lastKnownFileType = sourcecode.swift; path = WeatherOperationTest.swift; sourceTree = "<group>"; };
		93FAAAA52177EC2D0086D9DE /* pugetsound-weather.json */ = {isa = PBXFileReference; fileEncoding = 4; lastKnownFileType = text.json; path = "pugetsound-weather.json"; sourceTree = "<group>"; };
		93FAAAAA217858C20086D9DE /* CreateAlarmOperation.swift */ = {isa = PBXFileReference; lastKnownFileType = sourcecode.swift; path = CreateAlarmOperation.swift; sourceTree = "<group>"; };
		93FAAAAC21785DB40086D9DE /* AlarmOperationTest.swift */ = {isa = PBXFileReference; lastKnownFileType = sourcecode.swift; path = AlarmOperationTest.swift; sourceTree = "<group>"; };
		93FAAAAE2178D5060086D9DE /* create_alarm.json */ = {isa = PBXFileReference; fileEncoding = 4; lastKnownFileType = text.json; path = create_alarm.json; sourceTree = "<group>"; };
/* End PBXFileReference section */

/* Begin PBXFrameworksBuildPhase section */
		931B93CE2163F5520034D8FA /* Frameworks */ = {
			isa = PBXFrameworksBuildPhase;
			buildActionMask = 2147483647;
			files = (
				931B9412216419C20034D8FA /* OBANetworkingKit.framework in Frameworks */,
			);
			runOnlyForDeploymentPostprocessing = 0;
		};
		931B93FA216419C20034D8FA /* Frameworks */ = {
			isa = PBXFrameworksBuildPhase;
			buildActionMask = 2147483647;
			files = (
			);
			runOnlyForDeploymentPostprocessing = 0;
		};
		931B9402216419C20034D8FA /* Frameworks */ = {
			isa = PBXFrameworksBuildPhase;
			buildActionMask = 2147483647;
			files = (
				931B94442164409B0034D8FA /* Nimble.framework in Frameworks */,
				931B94452164409B0034D8FA /* OHHTTPStubs.framework in Frameworks */,
				931B9406216419C20034D8FA /* OBANetworkingKit.framework in Frameworks */,
			);
			runOnlyForDeploymentPostprocessing = 0;
		};
/* End PBXFrameworksBuildPhase section */

/* Begin PBXGroup section */
		93058C96216CE260008A31A4 /* PrivateModule */ = {
			isa = PBXGroup;
			children = (
				931B9428216422120034D8FA /* OBAOperation+Internal.h */,
				93058C97216CE29F008A31A4 /* module.modulemap */,
			);
			path = PrivateModule;
			sourceTree = "<group>";
		};
		93158B96217C22A000E16DBA /* Operations */ = {
			isa = PBXGroup;
			children = (
				93158B92217C189500E16DBA /* RESTModelOperation.swift */,
				933FFF3D2179AF7E006682C3 /* VehicleStatusModelOperation.swift */,
				93EC53192185714400C974AB /* TripDetailsModelOperation.swift */,
			);
			path = Operations;
			sourceTree = "<group>";
		};
		93158B98217C22BD00E16DBA /* Models */ = {
			isa = PBXGroup;
			children = (
				93158B8A217B9D5900E16DBA /* InternalTypes.swift */,
				93158B86217B991700E16DBA /* VehicleStatus.swift */,
				93158B88217B9B2900E16DBA /* TripStatus.swift */,
				93158B8E217C05FB00E16DBA /* References.swift */,
				93158B90217C0B0A00E16DBA /* Agency.swift */,
				93158B94217C1C2400E16DBA /* Frequency.swift */,
				9309DCA3217D0B3200E750D0 /* Route.swift */,
				9309DCA5217D0E9500E750D0 /* Stop.swift */,
				9309DCA9217D8ED200E750D0 /* Trip.swift */,
				932A6F29218022AF0008654F /* Situation.swift */,
				93EC531B2185874C00C974AB /* TripDetails.swift */,
			);
			path = Models;
			sourceTree = "<group>";
		};
		931B93C82163F5520034D8FA = {
			isa = PBXGroup;
			children = (
				931B93D32163F5520034D8FA /* OBANetworking */,
				931B93FE216419C20034D8FA /* OBANetworkingKit */,
				931B940B216419C20034D8FA /* OBANetworkingKitTests */,
				931B93D22163F5520034D8FA /* Products */,
				931B943C21643D420034D8FA /* Frameworks */,
			);
			sourceTree = "<group>";
		};
		931B93D22163F5520034D8FA /* Products */ = {
			isa = PBXGroup;
			children = (
				931B93D12163F5520034D8FA /* OBANetworking.app */,
				931B93FD216419C20034D8FA /* OBANetworkingKit.framework */,
				931B9405216419C20034D8FA /* OBANetworkingKitTests.xctest */,
			);
			name = Products;
			sourceTree = "<group>";
		};
		931B93D32163F5520034D8FA /* OBANetworking */ = {
			isa = PBXGroup;
			children = (
				931B93D42163F5520034D8FA /* AppDelegate.h */,
				931B93D52163F5520034D8FA /* AppDelegate.m */,
				931B93D72163F5520034D8FA /* ViewController.h */,
				931B93D82163F5520034D8FA /* ViewController.m */,
				931B93DA2163F5520034D8FA /* Main.storyboard */,
				931B93DD2163F5530034D8FA /* Assets.xcassets */,
				931B93DF2163F5530034D8FA /* LaunchScreen.storyboard */,
				931B93E22163F5530034D8FA /* Info.plist */,
				931B93E32163F5530034D8FA /* main.m */,
			);
			path = OBANetworking;
			sourceTree = "<group>";
		};
		931B93FE216419C20034D8FA /* OBANetworkingKit */ = {
			isa = PBXGroup;
			children = (
				933FFF3A2179A8BE006682C3 /* REST Model Service */,
				93058C96216CE260008A31A4 /* PrivateModule */,
				931B944B21645FBD0034D8FA /* Helpers */,
				931B943621642D880034D8FA /* OBA REST API */,
				931CE278216F93EE00161A6C /* Obaco API */,
				931CE27B216F943E00161A6C /* Regions API */,
				931B941B21641A700034D8FA /* Core */,
				931B93FF216419C20034D8FA /* OBANetworkingKit.h */,
				931B9400216419C20034D8FA /* Info.plist */,
			);
			path = OBANetworkingKit;
			sourceTree = "<group>";
		};
		931B940B216419C20034D8FA /* OBANetworkingKitTests */ = {
			isa = PBXGroup;
			children = (
				933FFF50217A8D2A006682C3 /* Modeling */,
				933FFF4F217A8C88006682C3 /* Networking */,
				933FFF42217A7FC0006682C3 /* DictionaryCodingTests */,
				932AAF9A21695E590070BF56 /* Helpers */,
				931B94562165250A0034D8FA /* fixtures */,
				931B940E216419C20034D8FA /* Info.plist */,
				931B94482164433C0034D8FA /* OBANetworkingKitTests-Bridging-Header.h */,
			);
			path = OBANetworkingKitTests;
			sourceTree = "<group>";
		};
		931B941B21641A700034D8FA /* Core */ = {
			isa = PBXGroup;
			children = (
				937BB73C2175566600BE5635 /* APIService.swift */,
				931B941C21641A7F0034D8FA /* OBAOperation.h */,
				931B941D21641A7F0034D8FA /* OBAOperation.m */,
				931B942421641FB50034D8FA /* OBANetworkOperation.h */,
				931B942521641FB50034D8FA /* OBANetworkOperation.m */,
			);
			path = Core;
			sourceTree = "<group>";
		};
		931B943621642D880034D8FA /* OBA REST API */ = {
			isa = PBXGroup;
			children = (
				931B943A216430E70034D8FA /* RESTAPIService.swift */,
				931B94B9216569720034D8FA /* OBARESTAPIOperation.h */,
				931B94BA216569720034D8FA /* OBARESTAPIOperation.m */,
				931B943821642EE40034D8FA /* CurrentTimeOperation.swift */,
				931B945021648D7F0034D8FA /* RequestVehicleOperation.swift */,
				931B94BD216682E10034D8FA /* StopsOperation.swift */,
				932AAF9B216960A70070BF56 /* ArrivalDepartureForStopOperation.swift */,
				932AAFA1216983810070BF56 /* ShapeOperation.swift */,
				932AAFA821698B110070BF56 /* AgenciesWithCoverageOperation.swift */,
				9351CFF9216A84AA002D5391 /* StopsForRouteOperation.swift */,
				93058C90216C5644008A31A4 /* RouteSearchOperation.swift */,
				931CE266216E215B00161A6C /* TripDetailsOperation.swift */,
				931CE26C216E42AD00161A6C /* PlacemarkSearchOperation.swift */,
				931CE272216F8CC500161A6C /* StopArrivalsAndDeparturesOperation.swift */,
				9369788E2170D5AE0053DF37 /* RegionalAlertsOperation.swift */,
				936978952170DD0A0053DF37 /* StopProblemOperation.swift */,
				937BB7342173EC0E00BE5635 /* TripProblemOperation.swift */,
				933FFF3421794AF6006682C3 /* VehicleTripOperation.swift */,
			);
			path = "OBA REST API";
			sourceTree = "<group>";
		};
		931B943C21643D420034D8FA /* Frameworks */ = {
			isa = PBXGroup;
			children = (
				931B943D21643D430034D8FA /* Nimble.framework */,
				931B943F21643D430034D8FA /* OHHTTPStubs.framework */,
			);
			name = Frameworks;
			sourceTree = "<group>";
		};
		931B9447216443180034D8FA /* REST API Tests */ = {
			isa = PBXGroup;
			children = (
				931B94492164433D0034D8FA /* CurrentTimeOperationTest.swift */,
				931B9452216516A10034D8FA /* RequestVehicleOperationTest.swift */,
				931B94BF21668FA90034D8FA /* StopsOperationTest.swift */,
				932AAF9D216962D20070BF56 /* ArrivalDepartureForStopTest.swift */,
				932AAFA32169840B0070BF56 /* ShapeOperationTest.swift */,
				932AAFAA21698CA80070BF56 /* AgenciesWithCoverageOperationTest.swift */,
				9351CFFB216A850E002D5391 /* StopsForRouteOperationTest.swift */,
				93058C92216C5A0C008A31A4 /* RouteSearchOperationTest.swift */,
				931CE268216E35D400161A6C /* TripDetailsOperationTest.swift */,
				931CE26E216F819F00161A6C /* PlacemarkSearchOperationTest.swift */,
				931CE274216F8E7800161A6C /* StopArrivalsAndDeparturesOperationTest.swift */,
				936978932170DB080053DF37 /* RegionalAlertsOperationTest.swift */,
				93697897217122460053DF37 /* StopProblemOperationTest.swift */,
				937BB7362174384100BE5635 /* TripProblemOperationTest.swift */,
				933FFF3621794D8D006682C3 /* VehicleTripOperationTest.swift */,
			);
			path = "REST API Tests";
			sourceTree = "<group>";
		};
		931B944B21645FBD0034D8FA /* Helpers */ = {
			isa = PBXGroup;
			children = (
				933FFF41217A7F7B006682C3 /* DictionaryCoding */,
				931B944C216460090034D8FA /* OBANetworkHelpers.h */,
				931B944D216460090034D8FA /* OBANetworkHelpers.m */,
				9309DCA7217D117900E750D0 /* ModelHelpers.swift */,
			);
			path = Helpers;
			sourceTree = "<group>";
		};
		931B94562165250A0034D8FA /* fixtures */ = {
			isa = PBXGroup;
			children = (
				932A6F2721801BAF0008654F /* arrival-and-departure-for-stop-MTS_11589.json */,
				93158B9F217CE2AD00E16DBA /* references.json */,
				93158B9B217CE08D00E16DBA /* arrivals_and_departures_for_stop_hart_6497.json */,
				93158B99217CDB9A00E16DBA /* frequency-vehicle.json */,
				93158B8C217BC66500E16DBA /* captive_portal.html */,
				933FFF3821795403006682C3 /* trip-for-vehicle-1_2799.json */,
				933FFF32217946CA006682C3 /* vehicles-query-1_1.json */,
				93FAAAAE2178D5060086D9DE /* create_alarm.json */,
				93FAAAA52177EC2D0086D9DE /* pugetsound-weather.json */,
				93FAAA9E2177E27C0086D9DE /* regions-v3.json */,
				936978912170DAF40053DF37 /* puget_sound_alerts.pb */,
				931CE276216F8F4500161A6C /* arrivals-and-departures-for-stop-1_75414.json */,
				931CE26A216E361300161A6C /* trip_details_1_18196913.json */,
				93058C94216CDCCE008A31A4 /* routes-for-location-10.json */,
				9351CFFD216C0084002D5391 /* stops-for-route-1_100002.json */,
				932AAFAC21698DA30070BF56 /* agencies_with_coverage.json */,
				932AAFA5216984E90070BF56 /* shape_1_20010002.json */,
				932AAF9F21696C170070BF56 /* arrival-and-departure-for-stop-1_11420.json */,
				931B94C52166DF5F0034D8FA /* stops_for_location_seattle_span.json */,
				931B94C32166D7C60034D8FA /* stops_for_location_seattle.json */,
				931B94B7216526AA0034D8FA /* vehicle_for_id_4011.json */,
				937BB7322173DC4D00BE5635 /* report_stop_problem.json */,
				937BB73821743A2800BE5635 /* report_trip_problem.json */,
			);
			path = fixtures;
			sourceTree = "<group>";
		};
		931CE278216F93EE00161A6C /* Obaco API */ = {
			isa = PBXGroup;
			children = (
				931CE279216F941D00161A6C /* ObacoService.swift */,
				93FAAAA02177E85E0086D9DE /* WeatherOperation.swift */,
				93FAAAAA217858C20086D9DE /* CreateAlarmOperation.swift */,
				933FFF2D217943D4006682C3 /* MatchingVehiclesOperation.swift */,
			);
			path = "Obaco API";
			sourceTree = "<group>";
		};
		931CE27B216F943E00161A6C /* Regions API */ = {
			isa = PBXGroup;
			children = (
				931CE27C216F944E00161A6C /* RegionsService.swift */,
				93FAAA992177056A0086D9DE /* RegionsOperation.swift */,
			);
			path = "Regions API";
			sourceTree = "<group>";
		};
		932AAF9A21695E590070BF56 /* Helpers */ = {
			isa = PBXGroup;
			children = (
				931B94C72168388E0034D8FA /* TestCaseExtensions.swift */,
				937BB72F2173AFCC00BE5635 /* OBATestCase.swift */,
			);
			path = Helpers;
			sourceTree = "<group>";
		};
		933FFF3A2179A8BE006682C3 /* REST Model Service */ = {
			isa = PBXGroup;
			children = (
				933FFF3B2179A8DE006682C3 /* RESTAPIModelService.swift */,
				93158B98217C22BD00E16DBA /* Models */,
				93158B96217C22A000E16DBA /* Operations */,
			);
			path = "REST Model Service";
			sourceTree = "<group>";
		};
		933FFF41217A7F7B006682C3 /* DictionaryCoding */ = {
			isa = PBXGroup;
			children = (
				933FFF48217A7FD9006682C3 /* DictionaryCodingKey.swift */,
				933FFF4A217A7FD9006682C3 /* DictionaryDecoder.swift */,
				933FFF49217A7FD9006682C3 /* DictionaryEncoder.swift */,
				933FFF47217A7FD9006682C3 /* DictionaryErrors.swift */,
			);
			path = DictionaryCoding;
			sourceTree = "<group>";
		};
		933FFF42217A7FC0006682C3 /* DictionaryCodingTests */ = {
			isa = PBXGroup;
			children = (
				933FFF43217A7FC0006682C3 /* DictionaryDecodingTests.swift */,
				933FFF44217A7FC0006682C3 /* DictionaryEncodingTests.swift */,
			);
			path = DictionaryCodingTests;
			sourceTree = "<group>";
		};
		933FFF4F217A8C88006682C3 /* Networking */ = {
			isa = PBXGroup;
			children = (
				93FAAAA22177EB510086D9DE /* Obaco API Tests */,
				931B9447216443180034D8FA /* REST API Tests */,
				93FAAA9B2177E0F30086D9DE /* Region API Tests */,
			);
			path = Networking;
			sourceTree = "<group>";
		};
		933FFF50217A8D2A006682C3 /* Modeling */ = {
			isa = PBXGroup;
			children = (
				933FFF51217A8D36006682C3 /* REST Model Service Tests */,
			);
			path = Modeling;
			sourceTree = "<group>";
		};
		933FFF51217A8D36006682C3 /* REST Model Service Tests */ = {
			isa = PBXGroup;
			children = (
				933FFF52217A8D4A006682C3 /* VehicleStatusModelOperationTests.swift */,
				93158B9D217CE18E00E16DBA /* ReferencesTests.swift */,
				931A7CCE2188DB1200FA3025 /* TripDetailsModelOperationTests.swift */,
			);
			path = "REST Model Service Tests";
			sourceTree = "<group>";
		};
		93FAAA9B2177E0F30086D9DE /* Region API Tests */ = {
			isa = PBXGroup;
			children = (
				93FAAA9C2177E1130086D9DE /* RegionsOperationTest.swift */,
			);
			path = "Region API Tests";
			sourceTree = "<group>";
		};
		93FAAAA22177EB510086D9DE /* Obaco API Tests */ = {
			isa = PBXGroup;
			children = (
				93FAAAA32177EB6B0086D9DE /* WeatherOperationTest.swift */,
				93FAAAAC21785DB40086D9DE /* AlarmOperationTest.swift */,
				933FFF302179460D006682C3 /* MatchingVehicleOperationTest.swift */,
			);
			path = "Obaco API Tests";
			sourceTree = "<group>";
		};
/* End PBXGroup section */

/* Begin PBXHeadersBuildPhase section */
		931B93F8216419C20034D8FA /* Headers */ = {
			isa = PBXHeadersBuildPhase;
			buildActionMask = 2147483647;
			files = (
				931B942621641FB50034D8FA /* OBANetworkOperation.h in Headers */,
				931B94BB216569720034D8FA /* OBARESTAPIOperation.h in Headers */,
				931B940F216419C20034D8FA /* OBANetworkingKit.h in Headers */,
				931B941E21641A7F0034D8FA /* OBAOperation.h in Headers */,
				931B944E216460090034D8FA /* OBANetworkHelpers.h in Headers */,
				931B942A216422120034D8FA /* OBAOperation+Internal.h in Headers */,
			);
			runOnlyForDeploymentPostprocessing = 0;
		};
/* End PBXHeadersBuildPhase section */

/* Begin PBXNativeTarget section */
		931B93D02163F5520034D8FA /* OBANetworking */ = {
			isa = PBXNativeTarget;
			buildConfigurationList = 931B93F22163F5540034D8FA /* Build configuration list for PBXNativeTarget "OBANetworking" */;
			buildPhases = (
				931B93CD2163F5520034D8FA /* Sources */,
				931B93CE2163F5520034D8FA /* Frameworks */,
				931B93CF2163F5520034D8FA /* Resources */,
				931B9417216419C20034D8FA /* Embed Frameworks */,
			);
			buildRules = (
			);
			dependencies = (
				931B9411216419C20034D8FA /* PBXTargetDependency */,
			);
			name = OBANetworking;
			productName = OBANetworking;
			productReference = 931B93D12163F5520034D8FA /* OBANetworking.app */;
			productType = "com.apple.product-type.application";
		};
		931B93FC216419C20034D8FA /* OBANetworkingKit */ = {
			isa = PBXNativeTarget;
			buildConfigurationList = 931B9414216419C20034D8FA /* Build configuration list for PBXNativeTarget "OBANetworkingKit" */;
			buildPhases = (
				931B93F8216419C20034D8FA /* Headers */,
				931B93F9216419C20034D8FA /* Sources */,
				931B93FA216419C20034D8FA /* Frameworks */,
				931B93FB216419C20034D8FA /* Resources */,
			);
			buildRules = (
			);
			dependencies = (
			);
			name = OBANetworkingKit;
			productName = OBANetworkingKit;
			productReference = 931B93FD216419C20034D8FA /* OBANetworkingKit.framework */;
			productType = "com.apple.product-type.framework";
		};
		931B9404216419C20034D8FA /* OBANetworkingKitTests */ = {
			isa = PBXNativeTarget;
			buildConfigurationList = 931B9418216419C20034D8FA /* Build configuration list for PBXNativeTarget "OBANetworkingKitTests" */;
			buildPhases = (
				931B9401216419C20034D8FA /* Sources */,
				931B9402216419C20034D8FA /* Frameworks */,
				931B9403216419C20034D8FA /* Resources */,
				931B9443216440620034D8FA /* Carthage */,
			);
			buildRules = (
			);
			dependencies = (
				931B9408216419C20034D8FA /* PBXTargetDependency */,
				931B940A216419C20034D8FA /* PBXTargetDependency */,
			);
			name = OBANetworkingKitTests;
			productName = OBANetworkingKitTests;
			productReference = 931B9405216419C20034D8FA /* OBANetworkingKitTests.xctest */;
			productType = "com.apple.product-type.bundle.unit-test";
		};
/* End PBXNativeTarget section */

/* Begin PBXProject section */
		931B93C92163F5520034D8FA /* Project object */ = {
			isa = PBXProject;
			attributes = {
				LastUpgradeCheck = 1010;
				ORGANIZATIONNAME = OneBusAway;
				TargetAttributes = {
					931B93D02163F5520034D8FA = {
						CreatedOnToolsVersion = 10.0;
					};
					931B93FC216419C20034D8FA = {
						CreatedOnToolsVersion = 10.0;
						LastSwiftMigration = 1000;
					};
					931B9404216419C20034D8FA = {
						CreatedOnToolsVersion = 10.0;
						LastSwiftMigration = 1000;
						TestTargetID = 931B93D02163F5520034D8FA;
					};
				};
			};
			buildConfigurationList = 931B93CC2163F5520034D8FA /* Build configuration list for PBXProject "OBANetworking" */;
			compatibilityVersion = "Xcode 9.3";
			developmentRegion = en;
			hasScannedForEncodings = 0;
			knownRegions = (
				en,
				Base,
			);
			mainGroup = 931B93C82163F5520034D8FA;
			productRefGroup = 931B93D22163F5520034D8FA /* Products */;
			projectDirPath = "";
			projectRoot = "";
			targets = (
				931B93D02163F5520034D8FA /* OBANetworking */,
				931B93FC216419C20034D8FA /* OBANetworkingKit */,
				931B9404216419C20034D8FA /* OBANetworkingKitTests */,
			);
		};
/* End PBXProject section */

/* Begin PBXResourcesBuildPhase section */
		931B93CF2163F5520034D8FA /* Resources */ = {
			isa = PBXResourcesBuildPhase;
			buildActionMask = 2147483647;
			files = (
				931B93E12163F5530034D8FA /* LaunchScreen.storyboard in Resources */,
				931B93DE2163F5530034D8FA /* Assets.xcassets in Resources */,
				931B93DC2163F5520034D8FA /* Main.storyboard in Resources */,
			);
			runOnlyForDeploymentPostprocessing = 0;
		};
		931B93FB216419C20034D8FA /* Resources */ = {
			isa = PBXResourcesBuildPhase;
			buildActionMask = 2147483647;
			files = (
			);
			runOnlyForDeploymentPostprocessing = 0;
		};
		931B9403216419C20034D8FA /* Resources */ = {
			isa = PBXResourcesBuildPhase;
			buildActionMask = 2147483647;
			files = (
				931CE26B216E361300161A6C /* trip_details_1_18196913.json in Resources */,
				936978922170DAF40053DF37 /* puget_sound_alerts.pb in Resources */,
				931B94B8216526AA0034D8FA /* vehicle_for_id_4011.json in Resources */,
				93158BA0217CE2AD00E16DBA /* references.json in Resources */,
				9351CFFE216C0084002D5391 /* stops-for-route-1_100002.json in Resources */,
				933FFF3921795403006682C3 /* trip-for-vehicle-1_2799.json in Resources */,
				932AAFA6216984E90070BF56 /* shape_1_20010002.json in Resources */,
				937BB7332173DC4D00BE5635 /* report_stop_problem.json in Resources */,
				932AAFA021696C170070BF56 /* arrival-and-departure-for-stop-1_11420.json in Resources */,
				931B94C42166D7C70034D8FA /* stops_for_location_seattle.json in Resources */,
				93158B9C217CE08D00E16DBA /* arrivals_and_departures_for_stop_hart_6497.json in Resources */,
				93158B9A217CDB9A00E16DBA /* frequency-vehicle.json in Resources */,
				933FFF33217946CA006682C3 /* vehicles-query-1_1.json in Resources */,
				93FAAA9F2177E27C0086D9DE /* regions-v3.json in Resources */,
				93FAAAAF2178D5060086D9DE /* create_alarm.json in Resources */,
				93058C95216CDCCE008A31A4 /* routes-for-location-10.json in Resources */,
				937BB73921743A2800BE5635 /* report_trip_problem.json in Resources */,
				932AAFAD21698DA30070BF56 /* agencies_with_coverage.json in Resources */,
				93158B8D217BC66500E16DBA /* captive_portal.html in Resources */,
				931CE277216F8F4500161A6C /* arrivals-and-departures-for-stop-1_75414.json in Resources */,
				932A6F2821801BB00008654F /* arrival-and-departure-for-stop-MTS_11589.json in Resources */,
				93FAAAA62177EC2D0086D9DE /* pugetsound-weather.json in Resources */,
				931B94C62166DF5F0034D8FA /* stops_for_location_seattle_span.json in Resources */,
			);
			runOnlyForDeploymentPostprocessing = 0;
		};
/* End PBXResourcesBuildPhase section */

/* Begin PBXShellScriptBuildPhase section */
		931B9443216440620034D8FA /* Carthage */ = {
			isa = PBXShellScriptBuildPhase;
			buildActionMask = 2147483647;
			files = (
			);
			inputFileListPaths = (
			);
			inputPaths = (
				"$(SRCROOT)/Carthage/Build/iOS/Nimble.framework",
				"$(SRCROOT)/Carthage/Build/iOS/OHHTTPStubs.framework",
			);
			name = Carthage;
			outputFileListPaths = (
			);
			outputPaths = (
			);
			runOnlyForDeploymentPostprocessing = 0;
			shellPath = /bin/sh;
			shellScript = "/usr/local/bin/carthage copy-frameworks\n";
		};
/* End PBXShellScriptBuildPhase section */

/* Begin PBXSourcesBuildPhase section */
		931B93CD2163F5520034D8FA /* Sources */ = {
			isa = PBXSourcesBuildPhase;
			buildActionMask = 2147483647;
			files = (
				931B93D92163F5520034D8FA /* ViewController.m in Sources */,
				931B93E42163F5530034D8FA /* main.m in Sources */,
				931B93D62163F5520034D8FA /* AppDelegate.m in Sources */,
			);
			runOnlyForDeploymentPostprocessing = 0;
		};
		931B93F9216419C20034D8FA /* Sources */ = {
			isa = PBXSourcesBuildPhase;
			buildActionMask = 2147483647;
			files = (
				9309DCAA217D8ED300E750D0 /* Trip.swift in Sources */,
				931CE27D216F944E00161A6C /* RegionsService.swift in Sources */,
				931CE26D216E42AD00161A6C /* PlacemarkSearchOperation.swift in Sources */,
				933FFF3C2179A8DE006682C3 /* RESTAPIModelService.swift in Sources */,
				931B943921642EE40034D8FA /* CurrentTimeOperation.swift in Sources */,
				933FFF4B217A7FD9006682C3 /* DictionaryErrors.swift in Sources */,
				931B944F216460090034D8FA /* OBANetworkHelpers.m in Sources */,
				932AAF9C216960A70070BF56 /* ArrivalDepartureForStopOperation.swift in Sources */,
				931B941F21641A7F0034D8FA /* OBAOperation.m in Sources */,
				93158B87217B991700E16DBA /* VehicleStatus.swift in Sources */,
				933FFF4D217A7FD9006682C3 /* DictionaryEncoder.swift in Sources */,
				931B945121648D7F0034D8FA /* RequestVehicleOperation.swift in Sources */,
				932A6F2A218022AF0008654F /* Situation.swift in Sources */,
				933FFF2E217943D4006682C3 /* MatchingVehiclesOperation.swift in Sources */,
				93158B8B217B9D5900E16DBA /* InternalTypes.swift in Sources */,
				93EC531A2185714400C974AB /* TripDetailsModelOperation.swift in Sources */,
				931CE267216E215B00161A6C /* TripDetailsOperation.swift in Sources */,
				93FAAAAB217858C20086D9DE /* CreateAlarmOperation.swift in Sources */,
				933FFF4E217A7FD9006682C3 /* DictionaryDecoder.swift in Sources */,
				9351CFFA216A84AA002D5391 /* StopsForRouteOperation.swift in Sources */,
				9309DCA8217D117900E750D0 /* ModelHelpers.swift in Sources */,
				932AAFA921698B110070BF56 /* AgenciesWithCoverageOperation.swift in Sources */,
				931CE273216F8CC500161A6C /* StopArrivalsAndDeparturesOperation.swift in Sources */,
				931B94BE216682E10034D8FA /* StopsOperation.swift in Sources */,
				93EC531C2185874C00C974AB /* TripDetails.swift in Sources */,
				9369788F2170D5AE0053DF37 /* RegionalAlertsOperation.swift in Sources */,
				931B943B216430E70034D8FA /* RESTAPIService.swift in Sources */,
				936978962170DD0A0053DF37 /* StopProblemOperation.swift in Sources */,
				93158B89217B9B2900E16DBA /* TripStatus.swift in Sources */,
				93158B91217C0B0A00E16DBA /* Agency.swift in Sources */,
				933FFF3E2179AF7E006682C3 /* VehicleStatusModelOperation.swift in Sources */,
				937BB7352173EC0E00BE5635 /* TripProblemOperation.swift in Sources */,
				9309DCA4217D0B3200E750D0 /* Route.swift in Sources */,
				933FFF4C217A7FD9006682C3 /* DictionaryCodingKey.swift in Sources */,
				93158B8F217C05FB00E16DBA /* References.swift in Sources */,
				93158B93217C189500E16DBA /* RESTModelOperation.swift in Sources */,
				93FAAA9A2177056A0086D9DE /* RegionsOperation.swift in Sources */,
				932AAFA2216983810070BF56 /* ShapeOperation.swift in Sources */,
				937BB73D2175566600BE5635 /* APIService.swift in Sources */,
				931CE27A216F941D00161A6C /* ObacoService.swift in Sources */,
				9309DCA6217D0E9500E750D0 /* Stop.swift in Sources */,
				93058C91216C5644008A31A4 /* RouteSearchOperation.swift in Sources */,
				931B94BC216569720034D8FA /* OBARESTAPIOperation.m in Sources */,
				93158B95217C1C2400E16DBA /* Frequency.swift in Sources */,
				933FFF3521794AF6006682C3 /* VehicleTripOperation.swift in Sources */,
				931B942721641FB50034D8FA /* OBANetworkOperation.m in Sources */,
				93FAAAA12177E85E0086D9DE /* WeatherOperation.swift in Sources */,
			);
			runOnlyForDeploymentPostprocessing = 0;
		};
		931B9401216419C20034D8FA /* Sources */ = {
			isa = PBXSourcesBuildPhase;
			buildActionMask = 2147483647;
			files = (
				932AAF9E216962D20070BF56 /* ArrivalDepartureForStopTest.swift in Sources */,
				931CE26F216F819F00161A6C /* PlacemarkSearchOperationTest.swift in Sources */,
				933FFF3721794D8D006682C3 /* VehicleTripOperationTest.swift in Sources */,
				931B94C021668FA90034D8FA /* StopsOperationTest.swift in Sources */,
				93058C93216C5A0C008A31A4 /* RouteSearchOperationTest.swift in Sources */,
				931CE275216F8E7800161A6C /* StopArrivalsAndDeparturesOperationTest.swift in Sources */,
				937BB7302173AFCC00BE5635 /* OBATestCase.swift in Sources */,
				93FAAA9D2177E1130086D9DE /* RegionsOperationTest.swift in Sources */,
				931B9453216516A10034D8FA /* RequestVehicleOperationTest.swift in Sources */,
				931A7CCF2188DB1200FA3025 /* TripDetailsModelOperationTests.swift in Sources */,
				93FAAAA42177EB6B0086D9DE /* WeatherOperationTest.swift in Sources */,
				932AAFA42169840B0070BF56 /* ShapeOperationTest.swift in Sources */,
				933FFF46217A7FC0006682C3 /* DictionaryEncodingTests.swift in Sources */,
				93158B9E217CE18E00E16DBA /* ReferencesTests.swift in Sources */,
				936978942170DB080053DF37 /* RegionalAlertsOperationTest.swift in Sources */,
				931B944A2164433D0034D8FA /* CurrentTimeOperationTest.swift in Sources */,
				93FAAAAD21785DB40086D9DE /* AlarmOperationTest.swift in Sources */,
				937BB7372174384100BE5635 /* TripProblemOperationTest.swift in Sources */,
				933FFF53217A8D4A006682C3 /* VehicleStatusModelOperationTests.swift in Sources */,
				931B94C82168388E0034D8FA /* TestCaseExtensions.swift in Sources */,
				933FFF45217A7FC0006682C3 /* DictionaryDecodingTests.swift in Sources */,
				931CE269216E35D400161A6C /* TripDetailsOperationTest.swift in Sources */,
				9351CFFC216A850E002D5391 /* StopsForRouteOperationTest.swift in Sources */,
				933FFF312179460D006682C3 /* MatchingVehicleOperationTest.swift in Sources */,
				932AAFAB21698CA80070BF56 /* AgenciesWithCoverageOperationTest.swift in Sources */,
				93697898217122460053DF37 /* StopProblemOperationTest.swift in Sources */,
			);
			runOnlyForDeploymentPostprocessing = 0;
		};
/* End PBXSourcesBuildPhase section */

/* Begin PBXTargetDependency section */
		931B9408216419C20034D8FA /* PBXTargetDependency */ = {
			isa = PBXTargetDependency;
			target = 931B93FC216419C20034D8FA /* OBANetworkingKit */;
			targetProxy = 931B9407216419C20034D8FA /* PBXContainerItemProxy */;
		};
		931B940A216419C20034D8FA /* PBXTargetDependency */ = {
			isa = PBXTargetDependency;
			target = 931B93D02163F5520034D8FA /* OBANetworking */;
			targetProxy = 931B9409216419C20034D8FA /* PBXContainerItemProxy */;
		};
		931B9411216419C20034D8FA /* PBXTargetDependency */ = {
			isa = PBXTargetDependency;
			target = 931B93FC216419C20034D8FA /* OBANetworkingKit */;
			targetProxy = 931B9410216419C20034D8FA /* PBXContainerItemProxy */;
		};
/* End PBXTargetDependency section */

/* Begin PBXVariantGroup section */
		931B93DA2163F5520034D8FA /* Main.storyboard */ = {
			isa = PBXVariantGroup;
			children = (
				931B93DB2163F5520034D8FA /* Base */,
			);
			name = Main.storyboard;
			sourceTree = "<group>";
		};
		931B93DF2163F5530034D8FA /* LaunchScreen.storyboard */ = {
			isa = PBXVariantGroup;
			children = (
				931B93E02163F5530034D8FA /* Base */,
			);
			name = LaunchScreen.storyboard;
			sourceTree = "<group>";
		};
/* End PBXVariantGroup section */

/* Begin XCBuildConfiguration section */
		931B93F02163F5540034D8FA /* Debug */ = {
			isa = XCBuildConfiguration;
			buildSettings = {
				ALWAYS_SEARCH_USER_PATHS = NO;
				CLANG_ANALYZER_NONNULL = YES;
				CLANG_ANALYZER_NUMBER_OBJECT_CONVERSION = YES_AGGRESSIVE;
				CLANG_CXX_LANGUAGE_STANDARD = "gnu++14";
				CLANG_CXX_LIBRARY = "libc++";
				CLANG_ENABLE_MODULES = YES;
				CLANG_ENABLE_OBJC_ARC = YES;
				CLANG_ENABLE_OBJC_WEAK = YES;
				CLANG_WARN_BLOCK_CAPTURE_AUTORELEASING = YES;
				CLANG_WARN_BOOL_CONVERSION = YES;
				CLANG_WARN_COMMA = YES;
				CLANG_WARN_CONSTANT_CONVERSION = YES;
				CLANG_WARN_DEPRECATED_OBJC_IMPLEMENTATIONS = YES;
				CLANG_WARN_DIRECT_OBJC_ISA_USAGE = YES_ERROR;
				CLANG_WARN_DOCUMENTATION_COMMENTS = YES;
				CLANG_WARN_EMPTY_BODY = YES;
				CLANG_WARN_ENUM_CONVERSION = YES;
				CLANG_WARN_INFINITE_RECURSION = YES;
				CLANG_WARN_INT_CONVERSION = YES;
				CLANG_WARN_NON_LITERAL_NULL_CONVERSION = YES;
				CLANG_WARN_OBJC_IMPLICIT_RETAIN_SELF = YES;
				CLANG_WARN_OBJC_LITERAL_CONVERSION = YES;
				CLANG_WARN_OBJC_ROOT_CLASS = YES_ERROR;
				CLANG_WARN_RANGE_LOOP_ANALYSIS = YES;
				CLANG_WARN_STRICT_PROTOTYPES = YES;
				CLANG_WARN_SUSPICIOUS_MOVE = YES;
				CLANG_WARN_UNGUARDED_AVAILABILITY = YES_AGGRESSIVE;
				CLANG_WARN_UNREACHABLE_CODE = YES;
				CLANG_WARN__DUPLICATE_METHOD_MATCH = YES;
				CODE_SIGN_IDENTITY = "iPhone Developer";
				COPY_PHASE_STRIP = NO;
				DEBUG_INFORMATION_FORMAT = dwarf;
				ENABLE_STRICT_OBJC_MSGSEND = YES;
				ENABLE_TESTABILITY = YES;
				GCC_C_LANGUAGE_STANDARD = gnu11;
				GCC_DYNAMIC_NO_PIC = NO;
				GCC_NO_COMMON_BLOCKS = YES;
				GCC_OPTIMIZATION_LEVEL = 0;
				GCC_PREPROCESSOR_DEFINITIONS = (
					"DEBUG=1",
					"$(inherited)",
				);
				GCC_WARN_64_TO_32_BIT_CONVERSION = YES;
				GCC_WARN_ABOUT_RETURN_TYPE = YES_ERROR;
				GCC_WARN_UNDECLARED_SELECTOR = YES;
				GCC_WARN_UNINITIALIZED_AUTOS = YES_AGGRESSIVE;
				GCC_WARN_UNUSED_FUNCTION = YES;
				GCC_WARN_UNUSED_VARIABLE = YES;
				IPHONEOS_DEPLOYMENT_TARGET = 12.0;
				MTL_ENABLE_DEBUG_INFO = INCLUDE_SOURCE;
				MTL_FAST_MATH = YES;
				ONLY_ACTIVE_ARCH = YES;
				SDKROOT = iphoneos;
				SWIFT_INCLUDE_PATHS = "$(SRCROOT)/OBANetworkingKit/PrivateModule";
			};
			name = Debug;
		};
		931B93F12163F5540034D8FA /* Release */ = {
			isa = XCBuildConfiguration;
			buildSettings = {
				ALWAYS_SEARCH_USER_PATHS = NO;
				CLANG_ANALYZER_NONNULL = YES;
				CLANG_ANALYZER_NUMBER_OBJECT_CONVERSION = YES_AGGRESSIVE;
				CLANG_CXX_LANGUAGE_STANDARD = "gnu++14";
				CLANG_CXX_LIBRARY = "libc++";
				CLANG_ENABLE_MODULES = YES;
				CLANG_ENABLE_OBJC_ARC = YES;
				CLANG_ENABLE_OBJC_WEAK = YES;
				CLANG_WARN_BLOCK_CAPTURE_AUTORELEASING = YES;
				CLANG_WARN_BOOL_CONVERSION = YES;
				CLANG_WARN_COMMA = YES;
				CLANG_WARN_CONSTANT_CONVERSION = YES;
				CLANG_WARN_DEPRECATED_OBJC_IMPLEMENTATIONS = YES;
				CLANG_WARN_DIRECT_OBJC_ISA_USAGE = YES_ERROR;
				CLANG_WARN_DOCUMENTATION_COMMENTS = YES;
				CLANG_WARN_EMPTY_BODY = YES;
				CLANG_WARN_ENUM_CONVERSION = YES;
				CLANG_WARN_INFINITE_RECURSION = YES;
				CLANG_WARN_INT_CONVERSION = YES;
				CLANG_WARN_NON_LITERAL_NULL_CONVERSION = YES;
				CLANG_WARN_OBJC_IMPLICIT_RETAIN_SELF = YES;
				CLANG_WARN_OBJC_LITERAL_CONVERSION = YES;
				CLANG_WARN_OBJC_ROOT_CLASS = YES_ERROR;
				CLANG_WARN_RANGE_LOOP_ANALYSIS = YES;
				CLANG_WARN_STRICT_PROTOTYPES = YES;
				CLANG_WARN_SUSPICIOUS_MOVE = YES;
				CLANG_WARN_UNGUARDED_AVAILABILITY = YES_AGGRESSIVE;
				CLANG_WARN_UNREACHABLE_CODE = YES;
				CLANG_WARN__DUPLICATE_METHOD_MATCH = YES;
				CODE_SIGN_IDENTITY = "iPhone Developer";
				COPY_PHASE_STRIP = NO;
				DEBUG_INFORMATION_FORMAT = "dwarf-with-dsym";
				ENABLE_NS_ASSERTIONS = NO;
				ENABLE_STRICT_OBJC_MSGSEND = YES;
				GCC_C_LANGUAGE_STANDARD = gnu11;
				GCC_NO_COMMON_BLOCKS = YES;
				GCC_WARN_64_TO_32_BIT_CONVERSION = YES;
				GCC_WARN_ABOUT_RETURN_TYPE = YES_ERROR;
				GCC_WARN_UNDECLARED_SELECTOR = YES;
				GCC_WARN_UNINITIALIZED_AUTOS = YES_AGGRESSIVE;
				GCC_WARN_UNUSED_FUNCTION = YES;
				GCC_WARN_UNUSED_VARIABLE = YES;
				IPHONEOS_DEPLOYMENT_TARGET = 12.0;
				MTL_ENABLE_DEBUG_INFO = NO;
				MTL_FAST_MATH = YES;
				SDKROOT = iphoneos;
				SWIFT_COMPILATION_MODE = wholemodule;
				SWIFT_INCLUDE_PATHS = "$(SRCROOT)/OBANetworkingKit/PrivateModule";
				VALIDATE_PRODUCT = YES;
			};
			name = Release;
		};
		931B93F32163F5540034D8FA /* Debug */ = {
			isa = XCBuildConfiguration;
			buildSettings = {
				ALWAYS_EMBED_SWIFT_STANDARD_LIBRARIES = YES;
				ASSETCATALOG_COMPILER_APPICON_NAME = AppIcon;
				CODE_SIGN_STYLE = Automatic;
				DEVELOPMENT_TEAM = THEWY9596Q;
				INFOPLIST_FILE = OBANetworking/Info.plist;
				IPHONEOS_DEPLOYMENT_TARGET = 11.4;
				LD_RUNPATH_SEARCH_PATHS = (
					"$(inherited)",
					"@executable_path/Frameworks",
				);
				PRODUCT_BUNDLE_IDENTIFIER = org.onebusaway.OBANetworking;
				PRODUCT_NAME = "$(TARGET_NAME)";
				TARGETED_DEVICE_FAMILY = "1,2";
			};
			name = Debug;
		};
		931B93F42163F5540034D8FA /* Release */ = {
			isa = XCBuildConfiguration;
			buildSettings = {
				ALWAYS_EMBED_SWIFT_STANDARD_LIBRARIES = YES;
				ASSETCATALOG_COMPILER_APPICON_NAME = AppIcon;
				CODE_SIGN_STYLE = Automatic;
				DEVELOPMENT_TEAM = THEWY9596Q;
				INFOPLIST_FILE = OBANetworking/Info.plist;
				IPHONEOS_DEPLOYMENT_TARGET = 11.4;
				LD_RUNPATH_SEARCH_PATHS = (
					"$(inherited)",
					"@executable_path/Frameworks",
				);
				PRODUCT_BUNDLE_IDENTIFIER = org.onebusaway.OBANetworking;
				PRODUCT_NAME = "$(TARGET_NAME)";
				TARGETED_DEVICE_FAMILY = "1,2";
			};
			name = Release;
		};
		931B9415216419C20034D8FA /* Debug */ = {
			isa = XCBuildConfiguration;
			buildSettings = {
				CLANG_ENABLE_MODULES = YES;
				CODE_SIGN_IDENTITY = "";
				CODE_SIGN_STYLE = Automatic;
				CURRENT_PROJECT_VERSION = 1;
				DEFINES_MODULE = YES;
				DEVELOPMENT_TEAM = THEWY9596Q;
				DYLIB_COMPATIBILITY_VERSION = 1;
				DYLIB_CURRENT_VERSION = 1;
				DYLIB_INSTALL_NAME_BASE = "@rpath";
				INFOPLIST_FILE = OBANetworkingKit/Info.plist;
				INSTALL_PATH = "$(LOCAL_LIBRARY_DIR)/Frameworks";
				IPHONEOS_DEPLOYMENT_TARGET = 11.4;
				LD_RUNPATH_SEARCH_PATHS = (
					"$(inherited)",
					"@executable_path/Frameworks",
					"@loader_path/Frameworks",
				);
				PRODUCT_BUNDLE_IDENTIFIER = org.onebusaway.OBANetworkingKit;
				PRODUCT_NAME = "$(TARGET_NAME:c99extidentifier)";
				SKIP_INSTALL = YES;
				SWIFT_OPTIMIZATION_LEVEL = "-Onone";
				SWIFT_VERSION = 4.2;
				TARGETED_DEVICE_FAMILY = "1,2";
				VERSIONING_SYSTEM = "apple-generic";
				VERSION_INFO_PREFIX = "";
			};
			name = Debug;
		};
		931B9416216419C20034D8FA /* Release */ = {
			isa = XCBuildConfiguration;
			buildSettings = {
				CLANG_ENABLE_MODULES = YES;
				CODE_SIGN_IDENTITY = "";
				CODE_SIGN_STYLE = Automatic;
				CURRENT_PROJECT_VERSION = 1;
				DEFINES_MODULE = YES;
				DEVELOPMENT_TEAM = THEWY9596Q;
				DYLIB_COMPATIBILITY_VERSION = 1;
				DYLIB_CURRENT_VERSION = 1;
				DYLIB_INSTALL_NAME_BASE = "@rpath";
				INFOPLIST_FILE = OBANetworkingKit/Info.plist;
				INSTALL_PATH = "$(LOCAL_LIBRARY_DIR)/Frameworks";
				IPHONEOS_DEPLOYMENT_TARGET = 11.4;
				LD_RUNPATH_SEARCH_PATHS = (
					"$(inherited)",
					"@executable_path/Frameworks",
					"@loader_path/Frameworks",
				);
				PRODUCT_BUNDLE_IDENTIFIER = org.onebusaway.OBANetworkingKit;
				PRODUCT_NAME = "$(TARGET_NAME:c99extidentifier)";
				SKIP_INSTALL = YES;
				SWIFT_VERSION = 4.2;
				TARGETED_DEVICE_FAMILY = "1,2";
				VERSIONING_SYSTEM = "apple-generic";
				VERSION_INFO_PREFIX = "";
			};
			name = Release;
		};
		931B9419216419C20034D8FA /* Debug */ = {
			isa = XCBuildConfiguration;
			buildSettings = {
				ALWAYS_EMBED_SWIFT_STANDARD_LIBRARIES = YES;
				CLANG_ENABLE_MODULES = YES;
				CODE_SIGN_STYLE = Automatic;
				DEVELOPMENT_TEAM = THEWY9596Q;
				FRAMEWORK_SEARCH_PATHS = (
					"$(inherited)",
					"$(PROJECT_DIR)/Carthage/Build/iOS",
				);
				INFOPLIST_FILE = OBANetworkingKitTests/Info.plist;
				LD_RUNPATH_SEARCH_PATHS = (
					"$(inherited)",
					"@executable_path/Frameworks",
					"@loader_path/Frameworks",
				);
				PRODUCT_BUNDLE_IDENTIFIER = org.onebusaway.OBANetworkingKitTests;
				PRODUCT_NAME = "$(TARGET_NAME)";
				SWIFT_OBJC_BRIDGING_HEADER = "OBANetworkingKitTests/OBANetworkingKitTests-Bridging-Header.h";
				SWIFT_OPTIMIZATION_LEVEL = "-Onone";
				SWIFT_VERSION = 4.2;
				TARGETED_DEVICE_FAMILY = "1,2";
				TEST_HOST = "$(BUILT_PRODUCTS_DIR)/OBANetworking.app/OBANetworking";
			};
			name = Debug;
		};
		931B941A216419C20034D8FA /* Release */ = {
			isa = XCBuildConfiguration;
			buildSettings = {
				ALWAYS_EMBED_SWIFT_STANDARD_LIBRARIES = YES;
				CLANG_ENABLE_MODULES = YES;
				CODE_SIGN_STYLE = Automatic;
				DEVELOPMENT_TEAM = THEWY9596Q;
				FRAMEWORK_SEARCH_PATHS = (
					"$(inherited)",
					"$(PROJECT_DIR)/Carthage/Build/iOS",
				);
				INFOPLIST_FILE = OBANetworkingKitTests/Info.plist;
				LD_RUNPATH_SEARCH_PATHS = (
					"$(inherited)",
					"@executable_path/Frameworks",
					"@loader_path/Frameworks",
				);
				PRODUCT_BUNDLE_IDENTIFIER = org.onebusaway.OBANetworkingKitTests;
				PRODUCT_NAME = "$(TARGET_NAME)";
				SWIFT_OBJC_BRIDGING_HEADER = "OBANetworkingKitTests/OBANetworkingKitTests-Bridging-Header.h";
				SWIFT_VERSION = 4.2;
				TARGETED_DEVICE_FAMILY = "1,2";
				TEST_HOST = "$(BUILT_PRODUCTS_DIR)/OBANetworking.app/OBANetworking";
			};
			name = Release;
		};
/* End XCBuildConfiguration section */

/* Begin XCConfigurationList section */
		931B93CC2163F5520034D8FA /* Build configuration list for PBXProject "OBANetworking" */ = {
			isa = XCConfigurationList;
			buildConfigurations = (
				931B93F02163F5540034D8FA /* Debug */,
				931B93F12163F5540034D8FA /* Release */,
			);
			defaultConfigurationIsVisible = 0;
			defaultConfigurationName = Release;
		};
		931B93F22163F5540034D8FA /* Build configuration list for PBXNativeTarget "OBANetworking" */ = {
			isa = XCConfigurationList;
			buildConfigurations = (
				931B93F32163F5540034D8FA /* Debug */,
				931B93F42163F5540034D8FA /* Release */,
			);
			defaultConfigurationIsVisible = 0;
			defaultConfigurationName = Release;
		};
		931B9414216419C20034D8FA /* Build configuration list for PBXNativeTarget "OBANetworkingKit" */ = {
			isa = XCConfigurationList;
			buildConfigurations = (
				931B9415216419C20034D8FA /* Debug */,
				931B9416216419C20034D8FA /* Release */,
			);
			defaultConfigurationIsVisible = 0;
			defaultConfigurationName = Release;
		};
		931B9418216419C20034D8FA /* Build configuration list for PBXNativeTarget "OBANetworkingKitTests" */ = {
			isa = XCConfigurationList;
			buildConfigurations = (
				931B9419216419C20034D8FA /* Debug */,
				931B941A216419C20034D8FA /* Release */,
			);
			defaultConfigurationIsVisible = 0;
			defaultConfigurationName = Release;
		};
/* End XCConfigurationList section */
	};
	rootObject = 931B93C92163F5520034D8FA /* Project object */;
}
